// !$*UTF8*$!
{
	archiveVersion = 1;
	classes = {
	};
	objectVersion = 55;
	objects = {

/* Begin PBXBuildFile section */
		25364C6727C7ACC50039496C /* Movie.swift in Sources */ = {isa = PBXBuildFile; fileRef = 25364C6627C7ACC50039496C /* Movie.swift */; };
		25364C6B27C7ADB00039496C /* MovieLoader.swift in Sources */ = {isa = PBXBuildFile; fileRef = 25364C6A27C7ADB00039496C /* MovieLoader.swift */; };
		25364C6E27C7ADF70039496C /* DomainError.swift in Sources */ = {isa = PBXBuildFile; fileRef = 25364C6D27C7ADF70039496C /* DomainError.swift */; };
		25364C7C27C7AF200039496C /* Data.framework in Frameworks */ = {isa = PBXBuildFile; fileRef = 25364C7427C7AF200039496C /* Data.framework */; };
		25364C8A27C7AF650039496C /* Domain.framework in Frameworks */ = {isa = PBXBuildFile; fileRef = 25364C5C27C7AC6D0039496C /* Domain.framework */; };
		25364C8B27C7AF650039496C /* Domain.framework in Embed Frameworks */ = {isa = PBXBuildFile; fileRef = 25364C5C27C7AC6D0039496C /* Domain.framework */; settings = {ATTRIBUTES = (CodeSignOnCopy, RemoveHeadersOnCopy, ); }; };
		25364C9027C7B0190039496C /* RemoteMovieLoader.swift in Sources */ = {isa = PBXBuildFile; fileRef = 25364C8F27C7B0190039496C /* RemoteMovieLoader.swift */; };
		25364C9427C7B2370039496C /* RemoteMovieLoaderTests.swift in Sources */ = {isa = PBXBuildFile; fileRef = 25364C9327C7B2370039496C /* RemoteMovieLoaderTests.swift */; };
		25364C9727C7B33D0039496C /* HttpGetClient.swift in Sources */ = {isa = PBXBuildFile; fileRef = 25364C9627C7B33D0039496C /* HttpGetClient.swift */; };
		25364C9927C7B35E0039496C /* HttpError.swift in Sources */ = {isa = PBXBuildFile; fileRef = 25364C9827C7B35E0039496C /* HttpError.swift */; };
		25364C9C27C7D7670039496C /* MovieResponse.swift in Sources */ = {isa = PBXBuildFile; fileRef = 25364C9B27C7D7670039496C /* MovieResponse.swift */; };
		25364C9F27C7EAC10039496C /* HttpGetClientSpy.swift in Sources */ = {isa = PBXBuildFile; fileRef = 25364C9E27C7EAC10039496C /* HttpGetClientSpy.swift */; };
		25364CA227C7EBC60039496C /* MovieResponse+Encoder.swift in Sources */ = {isa = PBXBuildFile; fileRef = 25364CA127C7EBC60039496C /* MovieResponse+Encoder.swift */; };
		25364CA527C7EC120039496C /* TestFactories.swift in Sources */ = {isa = PBXBuildFile; fileRef = 25364CA427C7EC120039496C /* TestFactories.swift */; };
		25364CB327C7EF070039496C /* Infra.framework in Frameworks */ = {isa = PBXBuildFile; fileRef = 25364CAB27C7EF070039496C /* Infra.framework */; };
		25364CC427C7F1130039496C /* URLSessionHttpClient.swift in Sources */ = {isa = PBXBuildFile; fileRef = 25364CC327C7F1130039496C /* URLSessionHttpClient.swift */; };
		25364CC527C7F2590039496C /* TestFactories.swift in Sources */ = {isa = PBXBuildFile; fileRef = 25364CA427C7EC120039496C /* TestFactories.swift */; };
		25364CC827C7F6890039496C /* URLProtocolStub.swift in Sources */ = {isa = PBXBuildFile; fileRef = 25364CC727C7F6890039496C /* URLProtocolStub.swift */; };
		25364CCA27C805890039496C /* URLSessionHttpGetClientTests.swift in Sources */ = {isa = PBXBuildFile; fileRef = 25364CC927C805890039496C /* URLSessionHttpGetClientTests.swift */; };
		25364CCE27C8349B0039496C /* HTTPMethod.swift in Sources */ = {isa = PBXBuildFile; fileRef = 25364CCD27C8349B0039496C /* HTTPMethod.swift */; };
		25364CCF27C834B40039496C /* Data.framework in Frameworks */ = {isa = PBXBuildFile; fileRef = 25364C7427C7AF200039496C /* Data.framework */; };
		25364CD027C834B40039496C /* Data.framework in Embed Frameworks */ = {isa = PBXBuildFile; fileRef = 25364C7427C7AF200039496C /* Data.framework */; settings = {ATTRIBUTES = (CodeSignOnCopy, RemoveHeadersOnCopy, ); }; };
		25364CE127C918A60039496C /* Presentation.framework in Frameworks */ = {isa = PBXBuildFile; fileRef = 25364CD927C918A60039496C /* Presentation.framework */; };
		25364CE627C918A60039496C /* MovieViewPresenterTests.swift in Sources */ = {isa = PBXBuildFile; fileRef = 25364CE527C918A60039496C /* MovieViewPresenterTests.swift */; };
		25364CEE27C925160039496C /* XCTestCase+Memory.swift in Sources */ = {isa = PBXBuildFile; fileRef = 3804F5B727C85717009A6CE6 /* XCTestCase+Memory.swift */; };
		25364CEF27C943ED0039496C /* TestFactories.swift in Sources */ = {isa = PBXBuildFile; fileRef = 25364CA427C7EC120039496C /* TestFactories.swift */; };
		256F551A27C9575B00E6A03A /* MovieViewPresenter.swift in Sources */ = {isa = PBXBuildFile; fileRef = 256F551927C9575B00E6A03A /* MovieViewPresenter.swift */; };
		256F551D27C96CB200E6A03A /* MovieView.swift in Sources */ = {isa = PBXBuildFile; fileRef = 256F551C27C96CB200E6A03A /* MovieView.swift */; };
		256F551F27C96CC900E6A03A /* MovieAlertView.swift in Sources */ = {isa = PBXBuildFile; fileRef = 256F551E27C96CC900E6A03A /* MovieAlertView.swift */; };
		256F552127C96CDE00E6A03A /* MovieLoadingView.swift in Sources */ = {isa = PBXBuildFile; fileRef = 256F552027C96CDE00E6A03A /* MovieLoadingView.swift */; };
		256F552327C96D0900E6A03A /* MovieViewModel.swift in Sources */ = {isa = PBXBuildFile; fileRef = 256F552227C96D0900E6A03A /* MovieViewModel.swift */; };
		256F552527C96D4000E6A03A /* MovieAlertViewModel.swift in Sources */ = {isa = PBXBuildFile; fileRef = 256F552427C96D4000E6A03A /* MovieAlertViewModel.swift */; };
		256F552727C96D5200E6A03A /* MovieLoadingViewModel.swift in Sources */ = {isa = PBXBuildFile; fileRef = 256F552627C96D5200E6A03A /* MovieLoadingViewModel.swift */; };
		256F552A27C96D9400E6A03A /* MovieViewSpy.swift in Sources */ = {isa = PBXBuildFile; fileRef = 256F552927C96D9400E6A03A /* MovieViewSpy.swift */; };
		25FD09B027C9754B0084F3FC /* Domain.framework in Frameworks */ = {isa = PBXBuildFile; fileRef = 25364C5C27C7AC6D0039496C /* Domain.framework */; };
		25FD09B127C9754B0084F3FC /* Domain.framework in Embed Frameworks */ = {isa = PBXBuildFile; fileRef = 25364C5C27C7AC6D0039496C /* Domain.framework */; settings = {ATTRIBUTES = (CodeSignOnCopy, RemoveHeadersOnCopy, ); }; };
		25FD09B927C975900084F3FC /* Movie.strings in Resources */ = {isa = PBXBuildFile; fileRef = 25FD09BB27C975900084F3FC /* Movie.strings */; };
		25FD09BE27C97A640084F3FC /* MovieLocalizationTests.swift in Sources */ = {isa = PBXBuildFile; fileRef = 25FD09BD27C97A640084F3FC /* MovieLocalizationTests.swift */; };
		25FD09CD27C97C010084F3FC /* UI.framework in Frameworks */ = {isa = PBXBuildFile; fileRef = 25FD09C527C97C010084F3FC /* UI.framework */; };
		25FD09D227C97C010084F3FC /* UITests.swift in Sources */ = {isa = PBXBuildFile; fileRef = 25FD09D127C97C010084F3FC /* UITests.swift */; };
		3804F5B527C8569A009A6CE6 /* TestHelpers.swift in Sources */ = {isa = PBXBuildFile; fileRef = 3804F5B427C8569A009A6CE6 /* TestHelpers.swift */; };
		3804F5B827C85717009A6CE6 /* XCTestCase+Memory.swift in Sources */ = {isa = PBXBuildFile; fileRef = 3804F5B727C85717009A6CE6 /* XCTestCase+Memory.swift */; };
		3804F5B927C85DC0009A6CE6 /* XCTestCase+Memory.swift in Sources */ = {isa = PBXBuildFile; fileRef = 3804F5B727C85717009A6CE6 /* XCTestCase+Memory.swift */; };
		3804F5C127C86532009A6CE6 /* MoviesCleanAppEndToEndTests.swift in Sources */ = {isa = PBXBuildFile; fileRef = 3804F5C027C86532009A6CE6 /* MoviesCleanAppEndToEndTests.swift */; };
		3804F5C227C86532009A6CE6 /* Domain.framework in Frameworks */ = {isa = PBXBuildFile; fileRef = 25364C5C27C7AC6D0039496C /* Domain.framework */; };
		3857571F27C9B6C6009DFC2D /* UIView+Constraints.swift in Sources */ = {isa = PBXBuildFile; fileRef = 3857571E27C9B6C6009DFC2D /* UIView+Constraints.swift */; };
		3857572227C9B713009DFC2D /* CodeView.swift in Sources */ = {isa = PBXBuildFile; fileRef = 3857572127C9B713009DFC2D /* CodeView.swift */; };
		3857572627C9B782009DFC2D /* MovieCollectionViewCell.swift in Sources */ = {isa = PBXBuildFile; fileRef = 3857572527C9B782009DFC2D /* MovieCollectionViewCell.swift */; };
		388D75EA27CA146700EB713F /* MovieImageDataLoader.swift in Sources */ = {isa = PBXBuildFile; fileRef = 388D75E927CA146700EB713F /* MovieImageDataLoader.swift */; };
		388D75ED27CA151500EB713F /* RemoteFeedImageDataLoader.swift in Sources */ = {isa = PBXBuildFile; fileRef = 388D75EC27CA151500EB713F /* RemoteFeedImageDataLoader.swift */; };
		388D75F527CA1DA300EB713F /* AppDelegate.swift in Sources */ = {isa = PBXBuildFile; fileRef = 388D75F427CA1DA300EB713F /* AppDelegate.swift */; };
		388D75F727CA1DA300EB713F /* SceneDelegate.swift in Sources */ = {isa = PBXBuildFile; fileRef = 388D75F627CA1DA300EB713F /* SceneDelegate.swift */; };
		388D75F927CA1DA300EB713F /* ViewController.swift in Sources */ = {isa = PBXBuildFile; fileRef = 388D75F827CA1DA300EB713F /* ViewController.swift */; };
		388D75FC27CA1DA300EB713F /* Main.storyboard in Resources */ = {isa = PBXBuildFile; fileRef = 388D75FA27CA1DA300EB713F /* Main.storyboard */; };
		388D75FE27CA1DA600EB713F /* Assets.xcassets in Resources */ = {isa = PBXBuildFile; fileRef = 388D75FD27CA1DA600EB713F /* Assets.xcassets */; };
		388D760127CA1DA600EB713F /* LaunchScreen.storyboard in Resources */ = {isa = PBXBuildFile; fileRef = 388D75FF27CA1DA600EB713F /* LaunchScreen.storyboard */; };
		388D760C27CA1DA600EB713F /* MainTests.swift in Sources */ = {isa = PBXBuildFile; fileRef = 388D760B27CA1DA600EB713F /* MainTests.swift */; };
		388D762427CA202700EB713F /* MainQueueDispatchDecorator.swift in Sources */ = {isa = PBXBuildFile; fileRef = 388D762327CA202700EB713F /* MainQueueDispatchDecorator.swift */; };
		388D762527CA206C00EB713F /* Data.framework in Frameworks */ = {isa = PBXBuildFile; fileRef = 25364C7427C7AF200039496C /* Data.framework */; platformFilter = ios; };
		388D762627CA206C00EB713F /* Data.framework in Embed Frameworks */ = {isa = PBXBuildFile; fileRef = 25364C7427C7AF200039496C /* Data.framework */; settings = {ATTRIBUTES = (CodeSignOnCopy, RemoveHeadersOnCopy, ); }; };
		388D762927CA206C00EB713F /* Domain.framework in Frameworks */ = {isa = PBXBuildFile; fileRef = 25364C5C27C7AC6D0039496C /* Domain.framework */; };
		388D762A27CA206C00EB713F /* Domain.framework in Embed Frameworks */ = {isa = PBXBuildFile; fileRef = 25364C5C27C7AC6D0039496C /* Domain.framework */; settings = {ATTRIBUTES = (CodeSignOnCopy, RemoveHeadersOnCopy, ); }; };
		388D762D27CA206C00EB713F /* Infra.framework in Frameworks */ = {isa = PBXBuildFile; fileRef = 25364CAB27C7EF070039496C /* Infra.framework */; };
		388D762E27CA206C00EB713F /* Infra.framework in Embed Frameworks */ = {isa = PBXBuildFile; fileRef = 25364CAB27C7EF070039496C /* Infra.framework */; settings = {ATTRIBUTES = (CodeSignOnCopy, RemoveHeadersOnCopy, ); }; };
		388D763127CA206C00EB713F /* Presentation.framework in Frameworks */ = {isa = PBXBuildFile; fileRef = 25364CD927C918A60039496C /* Presentation.framework */; };
		388D763227CA206C00EB713F /* Presentation.framework in Embed Frameworks */ = {isa = PBXBuildFile; fileRef = 25364CD927C918A60039496C /* Presentation.framework */; settings = {ATTRIBUTES = (CodeSignOnCopy, RemoveHeadersOnCopy, ); }; };
		388D763527CA206C00EB713F /* UI.framework in Frameworks */ = {isa = PBXBuildFile; fileRef = 25FD09C527C97C010084F3FC /* UI.framework */; platformFilter = ios; };
		388D763627CA206C00EB713F /* UI.framework in Embed Frameworks */ = {isa = PBXBuildFile; fileRef = 25FD09C527C97C010084F3FC /* UI.framework */; settings = {ATTRIBUTES = (CodeSignOnCopy, RemoveHeadersOnCopy, ); }; };
/* End PBXBuildFile section */

/* Begin PBXContainerItemProxy section */
		25364C7D27C7AF200039496C /* PBXContainerItemProxy */ = {
			isa = PBXContainerItemProxy;
			containerPortal = 25364C5327C7AC6C0039496C /* Project object */;
			proxyType = 1;
			remoteGlobalIDString = 25364C7327C7AF200039496C;
			remoteInfo = Data;
		};
		25364C8C27C7AF650039496C /* PBXContainerItemProxy */ = {
			isa = PBXContainerItemProxy;
			containerPortal = 25364C5327C7AC6C0039496C /* Project object */;
			proxyType = 1;
			remoteGlobalIDString = 25364C5B27C7AC6D0039496C;
			remoteInfo = Domain;
		};
		25364CB427C7EF070039496C /* PBXContainerItemProxy */ = {
			isa = PBXContainerItemProxy;
			containerPortal = 25364C5327C7AC6C0039496C /* Project object */;
			proxyType = 1;
			remoteGlobalIDString = 25364CAA27C7EF070039496C;
			remoteInfo = Infra;
		};
		25364CD127C834B40039496C /* PBXContainerItemProxy */ = {
			isa = PBXContainerItemProxy;
			containerPortal = 25364C5327C7AC6C0039496C /* Project object */;
			proxyType = 1;
			remoteGlobalIDString = 25364C7327C7AF200039496C;
			remoteInfo = Data;
		};
		25364CE227C918A60039496C /* PBXContainerItemProxy */ = {
			isa = PBXContainerItemProxy;
			containerPortal = 25364C5327C7AC6C0039496C /* Project object */;
			proxyType = 1;
			remoteGlobalIDString = 25364CD827C918A60039496C;
			remoteInfo = Presentation;
		};
		25FD09B227C9754B0084F3FC /* PBXContainerItemProxy */ = {
			isa = PBXContainerItemProxy;
			containerPortal = 25364C5327C7AC6C0039496C /* Project object */;
			proxyType = 1;
			remoteGlobalIDString = 25364C5B27C7AC6D0039496C;
			remoteInfo = Domain;
		};
		25FD09CE27C97C010084F3FC /* PBXContainerItemProxy */ = {
			isa = PBXContainerItemProxy;
			containerPortal = 25364C5327C7AC6C0039496C /* Project object */;
			proxyType = 1;
			remoteGlobalIDString = 25FD09C427C97C010084F3FC;
			remoteInfo = UI;
		};
		3804F5C327C86532009A6CE6 /* PBXContainerItemProxy */ = {
			isa = PBXContainerItemProxy;
			containerPortal = 25364C5327C7AC6C0039496C /* Project object */;
			proxyType = 1;
			remoteGlobalIDString = 25364C5B27C7AC6D0039496C;
			remoteInfo = Domain;
		};
		388D760827CA1DA600EB713F /* PBXContainerItemProxy */ = {
			isa = PBXContainerItemProxy;
			containerPortal = 25364C5327C7AC6C0039496C /* Project object */;
			proxyType = 1;
			remoteGlobalIDString = 388D75F127CA1DA300EB713F;
			remoteInfo = Main;
		};
		388D762727CA206C00EB713F /* PBXContainerItemProxy */ = {
			isa = PBXContainerItemProxy;
			containerPortal = 25364C5327C7AC6C0039496C /* Project object */;
			proxyType = 1;
			remoteGlobalIDString = 25364C7327C7AF200039496C;
			remoteInfo = Data;
		};
		388D762B27CA206C00EB713F /* PBXContainerItemProxy */ = {
			isa = PBXContainerItemProxy;
			containerPortal = 25364C5327C7AC6C0039496C /* Project object */;
			proxyType = 1;
			remoteGlobalIDString = 25364C5B27C7AC6D0039496C;
			remoteInfo = Domain;
		};
		388D762F27CA206C00EB713F /* PBXContainerItemProxy */ = {
			isa = PBXContainerItemProxy;
			containerPortal = 25364C5327C7AC6C0039496C /* Project object */;
			proxyType = 1;
			remoteGlobalIDString = 25364CAA27C7EF070039496C;
			remoteInfo = Infra;
		};
		388D763327CA206C00EB713F /* PBXContainerItemProxy */ = {
			isa = PBXContainerItemProxy;
			containerPortal = 25364C5327C7AC6C0039496C /* Project object */;
			proxyType = 1;
			remoteGlobalIDString = 25364CD827C918A60039496C;
			remoteInfo = Presentation;
		};
		388D763727CA206C00EB713F /* PBXContainerItemProxy */ = {
			isa = PBXContainerItemProxy;
			containerPortal = 25364C5327C7AC6C0039496C /* Project object */;
			proxyType = 1;
			remoteGlobalIDString = 25FD09C427C97C010084F3FC;
			remoteInfo = UI;
		};
/* End PBXContainerItemProxy section */

/* Begin PBXCopyFilesBuildPhase section */
		25364C8E27C7AF650039496C /* Embed Frameworks */ = {
			isa = PBXCopyFilesBuildPhase;
			buildActionMask = 2147483647;
			dstPath = "";
			dstSubfolderSpec = 10;
			files = (
				25364C8B27C7AF650039496C /* Domain.framework in Embed Frameworks */,
			);
			name = "Embed Frameworks";
			runOnlyForDeploymentPostprocessing = 0;
		};
		25364CD327C834B40039496C /* Embed Frameworks */ = {
			isa = PBXCopyFilesBuildPhase;
			buildActionMask = 2147483647;
			dstPath = "";
			dstSubfolderSpec = 10;
			files = (
				25364CD027C834B40039496C /* Data.framework in Embed Frameworks */,
			);
			name = "Embed Frameworks";
			runOnlyForDeploymentPostprocessing = 0;
		};
		25FD09B427C9754B0084F3FC /* Embed Frameworks */ = {
			isa = PBXCopyFilesBuildPhase;
			buildActionMask = 2147483647;
			dstPath = "";
			dstSubfolderSpec = 10;
			files = (
				25FD09B127C9754B0084F3FC /* Domain.framework in Embed Frameworks */,
			);
			name = "Embed Frameworks";
			runOnlyForDeploymentPostprocessing = 0;
		};
		388D763927CA206C00EB713F /* Embed Frameworks */ = {
			isa = PBXCopyFilesBuildPhase;
			buildActionMask = 2147483647;
			dstPath = "";
			dstSubfolderSpec = 10;
			files = (
				388D762A27CA206C00EB713F /* Domain.framework in Embed Frameworks */,
				388D763627CA206C00EB713F /* UI.framework in Embed Frameworks */,
				388D762627CA206C00EB713F /* Data.framework in Embed Frameworks */,
				388D763227CA206C00EB713F /* Presentation.framework in Embed Frameworks */,
				388D762E27CA206C00EB713F /* Infra.framework in Embed Frameworks */,
			);
			name = "Embed Frameworks";
			runOnlyForDeploymentPostprocessing = 0;
		};
/* End PBXCopyFilesBuildPhase section */

/* Begin PBXFileReference section */
		25364C5C27C7AC6D0039496C /* Domain.framework */ = {isa = PBXFileReference; explicitFileType = wrapper.framework; includeInIndex = 0; path = Domain.framework; sourceTree = BUILT_PRODUCTS_DIR; };
		25364C6627C7ACC50039496C /* Movie.swift */ = {isa = PBXFileReference; lastKnownFileType = sourcecode.swift; path = Movie.swift; sourceTree = "<group>"; };
		25364C6A27C7ADB00039496C /* MovieLoader.swift */ = {isa = PBXFileReference; lastKnownFileType = sourcecode.swift; path = MovieLoader.swift; sourceTree = "<group>"; };
		25364C6D27C7ADF70039496C /* DomainError.swift */ = {isa = PBXFileReference; lastKnownFileType = sourcecode.swift; path = DomainError.swift; sourceTree = "<group>"; };
		25364C7427C7AF200039496C /* Data.framework */ = {isa = PBXFileReference; explicitFileType = wrapper.framework; includeInIndex = 0; path = Data.framework; sourceTree = BUILT_PRODUCTS_DIR; };
		25364C7B27C7AF200039496C /* DataTests.xctest */ = {isa = PBXFileReference; explicitFileType = wrapper.cfbundle; includeInIndex = 0; path = DataTests.xctest; sourceTree = BUILT_PRODUCTS_DIR; };
		25364C8F27C7B0190039496C /* RemoteMovieLoader.swift */ = {isa = PBXFileReference; lastKnownFileType = sourcecode.swift; path = RemoteMovieLoader.swift; sourceTree = "<group>"; };
		25364C9327C7B2370039496C /* RemoteMovieLoaderTests.swift */ = {isa = PBXFileReference; lastKnownFileType = sourcecode.swift; path = RemoteMovieLoaderTests.swift; sourceTree = "<group>"; };
		25364C9627C7B33D0039496C /* HttpGetClient.swift */ = {isa = PBXFileReference; lastKnownFileType = sourcecode.swift; path = HttpGetClient.swift; sourceTree = "<group>"; };
		25364C9827C7B35E0039496C /* HttpError.swift */ = {isa = PBXFileReference; lastKnownFileType = sourcecode.swift; path = HttpError.swift; sourceTree = "<group>"; };
		25364C9B27C7D7670039496C /* MovieResponse.swift */ = {isa = PBXFileReference; lastKnownFileType = sourcecode.swift; path = MovieResponse.swift; sourceTree = "<group>"; };
		25364C9E27C7EAC10039496C /* HttpGetClientSpy.swift */ = {isa = PBXFileReference; lastKnownFileType = sourcecode.swift; path = HttpGetClientSpy.swift; sourceTree = "<group>"; };
		25364CA127C7EBC60039496C /* MovieResponse+Encoder.swift */ = {isa = PBXFileReference; lastKnownFileType = sourcecode.swift; path = "MovieResponse+Encoder.swift"; sourceTree = "<group>"; };
		25364CA427C7EC120039496C /* TestFactories.swift */ = {isa = PBXFileReference; lastKnownFileType = sourcecode.swift; path = TestFactories.swift; sourceTree = "<group>"; };
		25364CAB27C7EF070039496C /* Infra.framework */ = {isa = PBXFileReference; explicitFileType = wrapper.framework; includeInIndex = 0; path = Infra.framework; sourceTree = BUILT_PRODUCTS_DIR; };
		25364CB227C7EF070039496C /* InfraTests.xctest */ = {isa = PBXFileReference; explicitFileType = wrapper.cfbundle; includeInIndex = 0; path = InfraTests.xctest; sourceTree = BUILT_PRODUCTS_DIR; };
		25364CC327C7F1130039496C /* URLSessionHttpClient.swift */ = {isa = PBXFileReference; lastKnownFileType = sourcecode.swift; path = URLSessionHttpClient.swift; sourceTree = "<group>"; };
		25364CC727C7F6890039496C /* URLProtocolStub.swift */ = {isa = PBXFileReference; lastKnownFileType = sourcecode.swift; path = URLProtocolStub.swift; sourceTree = "<group>"; };
		25364CC927C805890039496C /* URLSessionHttpGetClientTests.swift */ = {isa = PBXFileReference; lastKnownFileType = sourcecode.swift; path = URLSessionHttpGetClientTests.swift; sourceTree = "<group>"; };
		25364CCD27C8349B0039496C /* HTTPMethod.swift */ = {isa = PBXFileReference; lastKnownFileType = sourcecode.swift; path = HTTPMethod.swift; sourceTree = "<group>"; };
		25364CD927C918A60039496C /* Presentation.framework */ = {isa = PBXFileReference; explicitFileType = wrapper.framework; includeInIndex = 0; path = Presentation.framework; sourceTree = BUILT_PRODUCTS_DIR; };
		25364CE027C918A60039496C /* PresentationTests.xctest */ = {isa = PBXFileReference; explicitFileType = wrapper.cfbundle; includeInIndex = 0; path = PresentationTests.xctest; sourceTree = BUILT_PRODUCTS_DIR; };
		25364CE527C918A60039496C /* MovieViewPresenterTests.swift */ = {isa = PBXFileReference; lastKnownFileType = sourcecode.swift; path = MovieViewPresenterTests.swift; sourceTree = "<group>"; };
		256F551927C9575B00E6A03A /* MovieViewPresenter.swift */ = {isa = PBXFileReference; lastKnownFileType = sourcecode.swift; path = MovieViewPresenter.swift; sourceTree = "<group>"; };
		256F551C27C96CB200E6A03A /* MovieView.swift */ = {isa = PBXFileReference; lastKnownFileType = sourcecode.swift; path = MovieView.swift; sourceTree = "<group>"; };
		256F551E27C96CC900E6A03A /* MovieAlertView.swift */ = {isa = PBXFileReference; lastKnownFileType = sourcecode.swift; path = MovieAlertView.swift; sourceTree = "<group>"; };
		256F552027C96CDE00E6A03A /* MovieLoadingView.swift */ = {isa = PBXFileReference; lastKnownFileType = sourcecode.swift; path = MovieLoadingView.swift; sourceTree = "<group>"; };
		256F552227C96D0900E6A03A /* MovieViewModel.swift */ = {isa = PBXFileReference; lastKnownFileType = sourcecode.swift; path = MovieViewModel.swift; sourceTree = "<group>"; };
		256F552427C96D4000E6A03A /* MovieAlertViewModel.swift */ = {isa = PBXFileReference; lastKnownFileType = sourcecode.swift; path = MovieAlertViewModel.swift; sourceTree = "<group>"; };
		256F552627C96D5200E6A03A /* MovieLoadingViewModel.swift */ = {isa = PBXFileReference; lastKnownFileType = sourcecode.swift; path = MovieLoadingViewModel.swift; sourceTree = "<group>"; };
		256F552927C96D9400E6A03A /* MovieViewSpy.swift */ = {isa = PBXFileReference; lastKnownFileType = sourcecode.swift; path = MovieViewSpy.swift; sourceTree = "<group>"; };
		25FD09BA27C975900084F3FC /* en */ = {isa = PBXFileReference; lastKnownFileType = text.plist.strings; name = en; path = en.lproj/Movie.strings; sourceTree = "<group>"; };
		25FD09BC27C975E90084F3FC /* pt-BR */ = {isa = PBXFileReference; lastKnownFileType = text.plist.strings; name = "pt-BR"; path = "pt-BR.lproj/Movie.strings"; sourceTree = "<group>"; };
		25FD09BD27C97A640084F3FC /* MovieLocalizationTests.swift */ = {isa = PBXFileReference; lastKnownFileType = sourcecode.swift; path = MovieLocalizationTests.swift; sourceTree = "<group>"; };
		25FD09C527C97C010084F3FC /* UI.framework */ = {isa = PBXFileReference; explicitFileType = wrapper.framework; includeInIndex = 0; path = UI.framework; sourceTree = BUILT_PRODUCTS_DIR; };
		25FD09CC27C97C010084F3FC /* UITests.xctest */ = {isa = PBXFileReference; explicitFileType = wrapper.cfbundle; includeInIndex = 0; path = UITests.xctest; sourceTree = BUILT_PRODUCTS_DIR; };
		25FD09D127C97C010084F3FC /* UITests.swift */ = {isa = PBXFileReference; lastKnownFileType = sourcecode.swift; path = UITests.swift; sourceTree = "<group>"; };
		3804F5B427C8569A009A6CE6 /* TestHelpers.swift */ = {isa = PBXFileReference; lastKnownFileType = sourcecode.swift; path = TestHelpers.swift; sourceTree = "<group>"; };
		3804F5B727C85717009A6CE6 /* XCTestCase+Memory.swift */ = {isa = PBXFileReference; lastKnownFileType = sourcecode.swift; path = "XCTestCase+Memory.swift"; sourceTree = "<group>"; };
		3804F5BE27C86532009A6CE6 /* MoviesCleanAppEndToEndTests.xctest */ = {isa = PBXFileReference; explicitFileType = wrapper.cfbundle; includeInIndex = 0; path = MoviesCleanAppEndToEndTests.xctest; sourceTree = BUILT_PRODUCTS_DIR; };
		3804F5C027C86532009A6CE6 /* MoviesCleanAppEndToEndTests.swift */ = {isa = PBXFileReference; lastKnownFileType = sourcecode.swift; path = MoviesCleanAppEndToEndTests.swift; sourceTree = "<group>"; };
		3857571E27C9B6C6009DFC2D /* UIView+Constraints.swift */ = {isa = PBXFileReference; lastKnownFileType = sourcecode.swift; path = "UIView+Constraints.swift"; sourceTree = "<group>"; };
		3857572127C9B713009DFC2D /* CodeView.swift */ = {isa = PBXFileReference; lastKnownFileType = sourcecode.swift; path = CodeView.swift; sourceTree = "<group>"; };
		3857572527C9B782009DFC2D /* MovieCollectionViewCell.swift */ = {isa = PBXFileReference; lastKnownFileType = sourcecode.swift; path = MovieCollectionViewCell.swift; sourceTree = "<group>"; };
		388D75E927CA146700EB713F /* MovieImageDataLoader.swift */ = {isa = PBXFileReference; lastKnownFileType = sourcecode.swift; path = MovieImageDataLoader.swift; sourceTree = "<group>"; };
		388D75EC27CA151500EB713F /* RemoteFeedImageDataLoader.swift */ = {isa = PBXFileReference; lastKnownFileType = sourcecode.swift; path = RemoteFeedImageDataLoader.swift; sourceTree = "<group>"; };
		388D75F227CA1DA300EB713F /* Main.app */ = {isa = PBXFileReference; explicitFileType = wrapper.application; includeInIndex = 0; path = Main.app; sourceTree = BUILT_PRODUCTS_DIR; };
		388D75F427CA1DA300EB713F /* AppDelegate.swift */ = {isa = PBXFileReference; lastKnownFileType = sourcecode.swift; path = AppDelegate.swift; sourceTree = "<group>"; };
		388D75F627CA1DA300EB713F /* SceneDelegate.swift */ = {isa = PBXFileReference; lastKnownFileType = sourcecode.swift; path = SceneDelegate.swift; sourceTree = "<group>"; };
		388D75F827CA1DA300EB713F /* ViewController.swift */ = {isa = PBXFileReference; lastKnownFileType = sourcecode.swift; path = ViewController.swift; sourceTree = "<group>"; };
		388D75FB27CA1DA300EB713F /* Base */ = {isa = PBXFileReference; lastKnownFileType = file.storyboard; name = Base; path = Base.lproj/Main.storyboard; sourceTree = "<group>"; };
		388D75FD27CA1DA600EB713F /* Assets.xcassets */ = {isa = PBXFileReference; lastKnownFileType = folder.assetcatalog; path = Assets.xcassets; sourceTree = "<group>"; };
		388D760027CA1DA600EB713F /* Base */ = {isa = PBXFileReference; lastKnownFileType = file.storyboard; name = Base; path = Base.lproj/LaunchScreen.storyboard; sourceTree = "<group>"; };
		388D760227CA1DA600EB713F /* Info.plist */ = {isa = PBXFileReference; lastKnownFileType = text.plist.xml; path = Info.plist; sourceTree = "<group>"; };
		388D760727CA1DA600EB713F /* MainTests.xctest */ = {isa = PBXFileReference; explicitFileType = wrapper.cfbundle; includeInIndex = 0; path = MainTests.xctest; sourceTree = BUILT_PRODUCTS_DIR; };
		388D760B27CA1DA600EB713F /* MainTests.swift */ = {isa = PBXFileReference; lastKnownFileType = sourcecode.swift; path = MainTests.swift; sourceTree = "<group>"; };
		388D762327CA202700EB713F /* MainQueueDispatchDecorator.swift */ = {isa = PBXFileReference; lastKnownFileType = sourcecode.swift; path = MainQueueDispatchDecorator.swift; sourceTree = "<group>"; };
/* End PBXFileReference section */

/* Begin PBXFrameworksBuildPhase section */
		25364C5927C7AC6D0039496C /* Frameworks */ = {
			isa = PBXFrameworksBuildPhase;
			buildActionMask = 2147483647;
			files = (
			);
			runOnlyForDeploymentPostprocessing = 0;
		};
		25364C7127C7AF200039496C /* Frameworks */ = {
			isa = PBXFrameworksBuildPhase;
			buildActionMask = 2147483647;
			files = (
				25364C8A27C7AF650039496C /* Domain.framework in Frameworks */,
			);
			runOnlyForDeploymentPostprocessing = 0;
		};
		25364C7827C7AF200039496C /* Frameworks */ = {
			isa = PBXFrameworksBuildPhase;
			buildActionMask = 2147483647;
			files = (
				25364C7C27C7AF200039496C /* Data.framework in Frameworks */,
			);
			runOnlyForDeploymentPostprocessing = 0;
		};
		25364CA827C7EF070039496C /* Frameworks */ = {
			isa = PBXFrameworksBuildPhase;
			buildActionMask = 2147483647;
			files = (
				25364CCF27C834B40039496C /* Data.framework in Frameworks */,
			);
			runOnlyForDeploymentPostprocessing = 0;
		};
		25364CAF27C7EF070039496C /* Frameworks */ = {
			isa = PBXFrameworksBuildPhase;
			buildActionMask = 2147483647;
			files = (
				25364CB327C7EF070039496C /* Infra.framework in Frameworks */,
			);
			runOnlyForDeploymentPostprocessing = 0;
		};
		25364CD627C918A60039496C /* Frameworks */ = {
			isa = PBXFrameworksBuildPhase;
			buildActionMask = 2147483647;
			files = (
				25FD09B027C9754B0084F3FC /* Domain.framework in Frameworks */,
			);
			runOnlyForDeploymentPostprocessing = 0;
		};
		25364CDD27C918A60039496C /* Frameworks */ = {
			isa = PBXFrameworksBuildPhase;
			buildActionMask = 2147483647;
			files = (
				25364CE127C918A60039496C /* Presentation.framework in Frameworks */,
			);
			runOnlyForDeploymentPostprocessing = 0;
		};
		25FD09C227C97C010084F3FC /* Frameworks */ = {
			isa = PBXFrameworksBuildPhase;
			buildActionMask = 2147483647;
			files = (
			);
			runOnlyForDeploymentPostprocessing = 0;
		};
		25FD09C927C97C010084F3FC /* Frameworks */ = {
			isa = PBXFrameworksBuildPhase;
			buildActionMask = 2147483647;
			files = (
				25FD09CD27C97C010084F3FC /* UI.framework in Frameworks */,
			);
			runOnlyForDeploymentPostprocessing = 0;
		};
		3804F5BB27C86532009A6CE6 /* Frameworks */ = {
			isa = PBXFrameworksBuildPhase;
			buildActionMask = 2147483647;
			files = (
				3804F5C227C86532009A6CE6 /* Domain.framework in Frameworks */,
			);
			runOnlyForDeploymentPostprocessing = 0;
		};
		388D75EF27CA1DA300EB713F /* Frameworks */ = {
			isa = PBXFrameworksBuildPhase;
			buildActionMask = 2147483647;
			files = (
				388D762927CA206C00EB713F /* Domain.framework in Frameworks */,
				388D763527CA206C00EB713F /* UI.framework in Frameworks */,
				388D762527CA206C00EB713F /* Data.framework in Frameworks */,
				388D763127CA206C00EB713F /* Presentation.framework in Frameworks */,
				388D762D27CA206C00EB713F /* Infra.framework in Frameworks */,
			);
			runOnlyForDeploymentPostprocessing = 0;
		};
		388D760427CA1DA600EB713F /* Frameworks */ = {
			isa = PBXFrameworksBuildPhase;
			buildActionMask = 2147483647;
			files = (
			);
			runOnlyForDeploymentPostprocessing = 0;
		};
/* End PBXFrameworksBuildPhase section */

/* Begin PBXGroup section */
		25364C5227C7AC6C0039496C = {
			isa = PBXGroup;
			children = (
				25364C5E27C7AC6D0039496C /* Domian */,
				25364C7527C7AF200039496C /* Data */,
				25364C7F27C7AF200039496C /* DataTests */,
				25364CAC27C7EF070039496C /* Infra */,
				25364CB627C7EF070039496C /* InfraTests */,
				3804F5BF27C86532009A6CE6 /* MoviesCleanAppEndToEndTests */,
				25364CDA27C918A60039496C /* Presentation */,
				25364CE427C918A60039496C /* PresentationTests */,
				25FD09C627C97C010084F3FC /* UI */,
				25FD09D027C97C010084F3FC /* UITests */,
				388D75F327CA1DA300EB713F /* Main */,
				388D760A27CA1DA600EB713F /* MainTests */,
				25364C5D27C7AC6D0039496C /* Products */,
				25364C8927C7AF650039496C /* Frameworks */,
			);
			sourceTree = "<group>";
		};
		25364C5D27C7AC6D0039496C /* Products */ = {
			isa = PBXGroup;
			children = (
				25364C5C27C7AC6D0039496C /* Domain.framework */,
				25364C7427C7AF200039496C /* Data.framework */,
				25364C7B27C7AF200039496C /* DataTests.xctest */,
				25364CAB27C7EF070039496C /* Infra.framework */,
				25364CB227C7EF070039496C /* InfraTests.xctest */,
				3804F5BE27C86532009A6CE6 /* MoviesCleanAppEndToEndTests.xctest */,
				25364CD927C918A60039496C /* Presentation.framework */,
				25364CE027C918A60039496C /* PresentationTests.xctest */,
				25FD09C527C97C010084F3FC /* UI.framework */,
				25FD09CC27C97C010084F3FC /* UITests.xctest */,
				388D75F227CA1DA300EB713F /* Main.app */,
				388D760727CA1DA600EB713F /* MainTests.xctest */,
			);
			name = Products;
			sourceTree = "<group>";
		};
		25364C5E27C7AC6D0039496C /* Domian */ = {
			isa = PBXGroup;
			children = (
				25364C6C27C7ADE70039496C /* Error */,
				25364C6927C7AD810039496C /* UseCases */,
				25364C6827C7ACCB0039496C /* Models */,
			);
			path = Domian;
			sourceTree = "<group>";
		};
		25364C6827C7ACCB0039496C /* Models */ = {
			isa = PBXGroup;
			children = (
				25364C6627C7ACC50039496C /* Movie.swift */,
			);
			path = Models;
			sourceTree = "<group>";
		};
		25364C6927C7AD810039496C /* UseCases */ = {
			isa = PBXGroup;
			children = (
				25364C6A27C7ADB00039496C /* MovieLoader.swift */,
				388D75E927CA146700EB713F /* MovieImageDataLoader.swift */,
			);
			path = UseCases;
			sourceTree = "<group>";
		};
		25364C6C27C7ADE70039496C /* Error */ = {
			isa = PBXGroup;
			children = (
				25364C6D27C7ADF70039496C /* DomainError.swift */,
			);
			path = Error;
			sourceTree = "<group>";
		};
		25364C7527C7AF200039496C /* Data */ = {
			isa = PBXGroup;
			children = (
				25364C9A27C7D7620039496C /* Models */,
				25364C9527C7B3280039496C /* Http */,
				388D75EB27CA14F600EB713F /* UseCases */,
			);
			path = Data;
			sourceTree = "<group>";
		};
		25364C7F27C7AF200039496C /* DataTests */ = {
			isa = PBXGroup;
			children = (
				25364CA027C7EB7E0039496C /* Helpers */,
				25364C9D27C7EAB90039496C /* Http */,
				25364C9327C7B2370039496C /* RemoteMovieLoaderTests.swift */,
			);
			path = DataTests;
			sourceTree = "<group>";
		};
		25364C8927C7AF650039496C /* Frameworks */ = {
			isa = PBXGroup;
			children = (
			);
			name = Frameworks;
			sourceTree = "<group>";
		};
		25364C9527C7B3280039496C /* Http */ = {
			isa = PBXGroup;
			children = (
				25364C9627C7B33D0039496C /* HttpGetClient.swift */,
				25364C9827C7B35E0039496C /* HttpError.swift */,
			);
			path = Http;
			sourceTree = "<group>";
		};
		25364C9A27C7D7620039496C /* Models */ = {
			isa = PBXGroup;
			children = (
				25364C9B27C7D7670039496C /* MovieResponse.swift */,
			);
			path = Models;
			sourceTree = "<group>";
		};
		25364C9D27C7EAB90039496C /* Http */ = {
			isa = PBXGroup;
			children = (
				25364C9E27C7EAC10039496C /* HttpGetClientSpy.swift */,
			);
			path = Http;
			sourceTree = "<group>";
		};
		25364CA027C7EB7E0039496C /* Helpers */ = {
			isa = PBXGroup;
			children = (
				25364CA127C7EBC60039496C /* MovieResponse+Encoder.swift */,
				25364CA427C7EC120039496C /* TestFactories.swift */,
				3804F5B727C85717009A6CE6 /* XCTestCase+Memory.swift */,
			);
			path = Helpers;
			sourceTree = "<group>";
		};
		25364CAC27C7EF070039496C /* Infra */ = {
			isa = PBXGroup;
			children = (
				25364CCB27C834860039496C /* Http */,
			);
			path = Infra;
			sourceTree = "<group>";
		};
		25364CB627C7EF070039496C /* InfraTests */ = {
			isa = PBXGroup;
			children = (
				25364CC227C7F03A0039496C /* Http */,
			);
			path = InfraTests;
			sourceTree = "<group>";
		};
		25364CC227C7F03A0039496C /* Http */ = {
			isa = PBXGroup;
			children = (
				3804F5B327C8568C009A6CE6 /* Helpers */,
				25364CC727C7F6890039496C /* URLProtocolStub.swift */,
				25364CC927C805890039496C /* URLSessionHttpGetClientTests.swift */,
			);
			path = Http;
			sourceTree = "<group>";
		};
		25364CCB27C834860039496C /* Http */ = {
			isa = PBXGroup;
			children = (
				25364CCC27C834910039496C /* Enum */,
				25364CC327C7F1130039496C /* URLSessionHttpClient.swift */,
			);
			path = Http;
			sourceTree = "<group>";
		};
		25364CCC27C834910039496C /* Enum */ = {
			isa = PBXGroup;
			children = (
				25364CCD27C8349B0039496C /* HTTPMethod.swift */,
			);
			path = Enum;
			sourceTree = "<group>";
		};
		25364CDA27C918A60039496C /* Presentation */ = {
			isa = PBXGroup;
			children = (
				25FD09B627C975800084F3FC /* Strings */,
				256F552B27C9719C00E6A03A /* ViewModels */,
				256F551B27C96C9800E6A03A /* Views */,
				256F551927C9575B00E6A03A /* MovieViewPresenter.swift */,
			);
			path = Presentation;
			sourceTree = "<group>";
		};
		25364CE427C918A60039496C /* PresentationTests */ = {
			isa = PBXGroup;
			children = (
				25FD09BF27C97ADB0084F3FC /* Localization */,
				256F552827C96D7D00E6A03A /* Views */,
				25364CE527C918A60039496C /* MovieViewPresenterTests.swift */,
			);
			path = PresentationTests;
			sourceTree = "<group>";
		};
		256F551B27C96C9800E6A03A /* Views */ = {
			isa = PBXGroup;
			children = (
				256F551C27C96CB200E6A03A /* MovieView.swift */,
				256F551E27C96CC900E6A03A /* MovieAlertView.swift */,
				256F552027C96CDE00E6A03A /* MovieLoadingView.swift */,
			);
			path = Views;
			sourceTree = "<group>";
		};
		256F552827C96D7D00E6A03A /* Views */ = {
			isa = PBXGroup;
			children = (
				256F552927C96D9400E6A03A /* MovieViewSpy.swift */,
			);
			path = Views;
			sourceTree = "<group>";
		};
		256F552B27C9719C00E6A03A /* ViewModels */ = {
			isa = PBXGroup;
			children = (
				256F552227C96D0900E6A03A /* MovieViewModel.swift */,
				256F552427C96D4000E6A03A /* MovieAlertViewModel.swift */,
				256F552627C96D5200E6A03A /* MovieLoadingViewModel.swift */,
			);
			path = ViewModels;
			sourceTree = "<group>";
		};
		25FD09B627C975800084F3FC /* Strings */ = {
			isa = PBXGroup;
			children = (
				25FD09BB27C975900084F3FC /* Movie.strings */,
			);
			path = Strings;
			sourceTree = "<group>";
		};
		25FD09BF27C97ADB0084F3FC /* Localization */ = {
			isa = PBXGroup;
			children = (
				25FD09BD27C97A640084F3FC /* MovieLocalizationTests.swift */,
			);
			path = Localization;
			sourceTree = "<group>";
		};
		25FD09C627C97C010084F3FC /* UI */ = {
			isa = PBXGroup;
			children = (
				3857572027C9B707009DFC2D /* Protocols */,
				3857571D27C9B51B009DFC2D /* Helpers */,
				3857572327C9B763009DFC2D /* Views */,
			);
			path = UI;
			sourceTree = "<group>";
		};
		25FD09D027C97C010084F3FC /* UITests */ = {
			isa = PBXGroup;
			children = (
				25FD09D127C97C010084F3FC /* UITests.swift */,
			);
			path = UITests;
			sourceTree = "<group>";
		};
		3804F5B327C8568C009A6CE6 /* Helpers */ = {
			isa = PBXGroup;
			children = (
				3804F5B427C8569A009A6CE6 /* TestHelpers.swift */,
			);
			path = Helpers;
			sourceTree = "<group>";
		};
		3804F5BF27C86532009A6CE6 /* MoviesCleanAppEndToEndTests */ = {
			isa = PBXGroup;
			children = (
				3804F5C027C86532009A6CE6 /* MoviesCleanAppEndToEndTests.swift */,
			);
			path = MoviesCleanAppEndToEndTests;
			sourceTree = "<group>";
		};
		3857571D27C9B51B009DFC2D /* Helpers */ = {
			isa = PBXGroup;
			children = (
				3857571E27C9B6C6009DFC2D /* UIView+Constraints.swift */,
			);
			path = Helpers;
			sourceTree = "<group>";
		};
		3857572027C9B707009DFC2D /* Protocols */ = {
			isa = PBXGroup;
			children = (
				3857572127C9B713009DFC2D /* CodeView.swift */,
			);
			path = Protocols;
			sourceTree = "<group>";
		};
		3857572327C9B763009DFC2D /* Views */ = {
			isa = PBXGroup;
			children = (
				3857572427C9B771009DFC2D /* Cells */,
			);
			path = Views;
			sourceTree = "<group>";
		};
		3857572427C9B771009DFC2D /* Cells */ = {
			isa = PBXGroup;
			children = (
				3857572527C9B782009DFC2D /* MovieCollectionViewCell.swift */,
			);
			path = Cells;
			sourceTree = "<group>";
		};
		388D75EB27CA14F600EB713F /* UseCases */ = {
			isa = PBXGroup;
			children = (
				25364C8F27C7B0190039496C /* RemoteMovieLoader.swift */,
				388D75EC27CA151500EB713F /* RemoteFeedImageDataLoader.swift */,
			);
			path = UseCases;
			sourceTree = "<group>";
		};
		388D75F327CA1DA300EB713F /* Main */ = {
			isa = PBXGroup;
			children = (
				388D762227CA201F00EB713F /* Decorators */,
				388D75F427CA1DA300EB713F /* AppDelegate.swift */,
				388D75F627CA1DA300EB713F /* SceneDelegate.swift */,
				388D75F827CA1DA300EB713F /* ViewController.swift */,
				388D75FA27CA1DA300EB713F /* Main.storyboard */,
				388D75FD27CA1DA600EB713F /* Assets.xcassets */,
				388D75FF27CA1DA600EB713F /* LaunchScreen.storyboard */,
				388D760227CA1DA600EB713F /* Info.plist */,
			);
			path = Main;
			sourceTree = "<group>";
		};
		388D760A27CA1DA600EB713F /* MainTests */ = {
			isa = PBXGroup;
			children = (
				388D760B27CA1DA600EB713F /* MainTests.swift */,
			);
			path = MainTests;
			sourceTree = "<group>";
		};
		388D762227CA201F00EB713F /* Decorators */ = {
			isa = PBXGroup;
			children = (
				388D762327CA202700EB713F /* MainQueueDispatchDecorator.swift */,
			);
			path = Decorators;
			sourceTree = "<group>";
		};
/* End PBXGroup section */

/* Begin PBXHeadersBuildPhase section */
		25364C5727C7AC6D0039496C /* Headers */ = {
			isa = PBXHeadersBuildPhase;
			buildActionMask = 2147483647;
			files = (
			);
			runOnlyForDeploymentPostprocessing = 0;
		};
		25364C6F27C7AF200039496C /* Headers */ = {
			isa = PBXHeadersBuildPhase;
			buildActionMask = 2147483647;
			files = (
			);
			runOnlyForDeploymentPostprocessing = 0;
		};
		25364CA627C7EF070039496C /* Headers */ = {
			isa = PBXHeadersBuildPhase;
			buildActionMask = 2147483647;
			files = (
			);
			runOnlyForDeploymentPostprocessing = 0;
		};
		25364CD427C918A60039496C /* Headers */ = {
			isa = PBXHeadersBuildPhase;
			buildActionMask = 2147483647;
			files = (
			);
			runOnlyForDeploymentPostprocessing = 0;
		};
		25FD09C027C97C010084F3FC /* Headers */ = {
			isa = PBXHeadersBuildPhase;
			buildActionMask = 2147483647;
			files = (
			);
			runOnlyForDeploymentPostprocessing = 0;
		};
/* End PBXHeadersBuildPhase section */

/* Begin PBXNativeTarget section */
		25364C5B27C7AC6D0039496C /* Domain */ = {
			isa = PBXNativeTarget;
			buildConfigurationList = 25364C6327C7AC6D0039496C /* Build configuration list for PBXNativeTarget "Domain" */;
			buildPhases = (
				25364C5727C7AC6D0039496C /* Headers */,
				25364C5827C7AC6D0039496C /* Sources */,
				25364C5927C7AC6D0039496C /* Frameworks */,
				25364C5A27C7AC6D0039496C /* Resources */,
			);
			buildRules = (
			);
			dependencies = (
			);
			name = Domain;
			productName = MoviesCleanApp;
			productReference = 25364C5C27C7AC6D0039496C /* Domain.framework */;
			productType = "com.apple.product-type.framework";
		};
		25364C7327C7AF200039496C /* Data */ = {
			isa = PBXNativeTarget;
			buildConfigurationList = 25364C8327C7AF200039496C /* Build configuration list for PBXNativeTarget "Data" */;
			buildPhases = (
				25364C6F27C7AF200039496C /* Headers */,
				25364C7027C7AF200039496C /* Sources */,
				25364C7127C7AF200039496C /* Frameworks */,
				25364C7227C7AF200039496C /* Resources */,
				25364C8E27C7AF650039496C /* Embed Frameworks */,
			);
			buildRules = (
			);
			dependencies = (
				25364C8D27C7AF650039496C /* PBXTargetDependency */,
			);
			name = Data;
			productName = Data;
			productReference = 25364C7427C7AF200039496C /* Data.framework */;
			productType = "com.apple.product-type.framework";
		};
		25364C7A27C7AF200039496C /* DataTests */ = {
			isa = PBXNativeTarget;
			buildConfigurationList = 25364C8627C7AF200039496C /* Build configuration list for PBXNativeTarget "DataTests" */;
			buildPhases = (
				25364C7727C7AF200039496C /* Sources */,
				25364C7827C7AF200039496C /* Frameworks */,
				25364C7927C7AF200039496C /* Resources */,
			);
			buildRules = (
			);
			dependencies = (
				25364C7E27C7AF200039496C /* PBXTargetDependency */,
			);
			name = DataTests;
			productName = DataTests;
			productReference = 25364C7B27C7AF200039496C /* DataTests.xctest */;
			productType = "com.apple.product-type.bundle.unit-test";
		};
		25364CAA27C7EF070039496C /* Infra */ = {
			isa = PBXNativeTarget;
			buildConfigurationList = 25364CBA27C7EF070039496C /* Build configuration list for PBXNativeTarget "Infra" */;
			buildPhases = (
				25364CA627C7EF070039496C /* Headers */,
				25364CA727C7EF070039496C /* Sources */,
				25364CA827C7EF070039496C /* Frameworks */,
				25364CA927C7EF070039496C /* Resources */,
				25364CD327C834B40039496C /* Embed Frameworks */,
			);
			buildRules = (
			);
			dependencies = (
				25364CD227C834B40039496C /* PBXTargetDependency */,
			);
			name = Infra;
			productName = Infra;
			productReference = 25364CAB27C7EF070039496C /* Infra.framework */;
			productType = "com.apple.product-type.framework";
		};
		25364CB127C7EF070039496C /* InfraTests */ = {
			isa = PBXNativeTarget;
			buildConfigurationList = 25364CBD27C7EF070039496C /* Build configuration list for PBXNativeTarget "InfraTests" */;
			buildPhases = (
				25364CAE27C7EF070039496C /* Sources */,
				25364CAF27C7EF070039496C /* Frameworks */,
				25364CB027C7EF070039496C /* Resources */,
			);
			buildRules = (
			);
			dependencies = (
				25364CB527C7EF070039496C /* PBXTargetDependency */,
			);
			name = InfraTests;
			productName = InfraTests;
			productReference = 25364CB227C7EF070039496C /* InfraTests.xctest */;
			productType = "com.apple.product-type.bundle.unit-test";
		};
		25364CD827C918A60039496C /* Presentation */ = {
			isa = PBXNativeTarget;
			buildConfigurationList = 25364CEC27C918A60039496C /* Build configuration list for PBXNativeTarget "Presentation" */;
			buildPhases = (
				25364CD427C918A60039496C /* Headers */,
				25364CD527C918A60039496C /* Sources */,
				25364CD627C918A60039496C /* Frameworks */,
				25364CD727C918A60039496C /* Resources */,
				25FD09B427C9754B0084F3FC /* Embed Frameworks */,
			);
			buildRules = (
			);
			dependencies = (
				25FD09B327C9754B0084F3FC /* PBXTargetDependency */,
			);
			name = Presentation;
			productName = Presentation;
			productReference = 25364CD927C918A60039496C /* Presentation.framework */;
			productType = "com.apple.product-type.framework";
		};
		25364CDF27C918A60039496C /* PresentationTests */ = {
			isa = PBXNativeTarget;
			buildConfigurationList = 25364CED27C918A60039496C /* Build configuration list for PBXNativeTarget "PresentationTests" */;
			buildPhases = (
				25364CDC27C918A60039496C /* Sources */,
				25364CDD27C918A60039496C /* Frameworks */,
				25364CDE27C918A60039496C /* Resources */,
			);
			buildRules = (
			);
			dependencies = (
				25364CE327C918A60039496C /* PBXTargetDependency */,
			);
			name = PresentationTests;
			productName = PresentationTests;
			productReference = 25364CE027C918A60039496C /* PresentationTests.xctest */;
			productType = "com.apple.product-type.bundle.unit-test";
		};
		25FD09C427C97C010084F3FC /* UI */ = {
			isa = PBXNativeTarget;
			buildConfigurationList = 25FD09D427C97C010084F3FC /* Build configuration list for PBXNativeTarget "UI" */;
			buildPhases = (
				25FD09C027C97C010084F3FC /* Headers */,
				25FD09C127C97C010084F3FC /* Sources */,
				25FD09C227C97C010084F3FC /* Frameworks */,
				25FD09C327C97C010084F3FC /* Resources */,
			);
			buildRules = (
			);
			dependencies = (
			);
			name = UI;
			productName = UI;
			productReference = 25FD09C527C97C010084F3FC /* UI.framework */;
			productType = "com.apple.product-type.framework";
		};
		25FD09CB27C97C010084F3FC /* UITests */ = {
			isa = PBXNativeTarget;
			buildConfigurationList = 25FD09D727C97C010084F3FC /* Build configuration list for PBXNativeTarget "UITests" */;
			buildPhases = (
				25FD09C827C97C010084F3FC /* Sources */,
				25FD09C927C97C010084F3FC /* Frameworks */,
				25FD09CA27C97C010084F3FC /* Resources */,
			);
			buildRules = (
			);
			dependencies = (
				25FD09CF27C97C010084F3FC /* PBXTargetDependency */,
			);
			name = UITests;
			productName = UITests;
			productReference = 25FD09CC27C97C010084F3FC /* UITests.xctest */;
			productType = "com.apple.product-type.bundle.unit-test";
		};
		3804F5BD27C86532009A6CE6 /* MoviesCleanAppEndToEndTests */ = {
			isa = PBXNativeTarget;
			buildConfigurationList = 3804F5C527C86532009A6CE6 /* Build configuration list for PBXNativeTarget "MoviesCleanAppEndToEndTests" */;
			buildPhases = (
				3804F5BA27C86532009A6CE6 /* Sources */,
				3804F5BB27C86532009A6CE6 /* Frameworks */,
				3804F5BC27C86532009A6CE6 /* Resources */,
			);
			buildRules = (
			);
			dependencies = (
				3804F5C427C86532009A6CE6 /* PBXTargetDependency */,
			);
			name = MoviesCleanAppEndToEndTests;
			productName = MoviesCleanAppEndToEndTests;
			productReference = 3804F5BE27C86532009A6CE6 /* MoviesCleanAppEndToEndTests.xctest */;
			productType = "com.apple.product-type.bundle.unit-test";
		};
		388D75F127CA1DA300EB713F /* Main */ = {
			isa = PBXNativeTarget;
			buildConfigurationList = 388D761927CA1DA600EB713F /* Build configuration list for PBXNativeTarget "Main" */;
			buildPhases = (
				388D75EE27CA1DA300EB713F /* Sources */,
				388D75EF27CA1DA300EB713F /* Frameworks */,
				388D75F027CA1DA300EB713F /* Resources */,
				388D763927CA206C00EB713F /* Embed Frameworks */,
			);
			buildRules = (
			);
			dependencies = (
				388D762827CA206C00EB713F /* PBXTargetDependency */,
				388D762C27CA206C00EB713F /* PBXTargetDependency */,
				388D763027CA206C00EB713F /* PBXTargetDependency */,
				388D763427CA206C00EB713F /* PBXTargetDependency */,
				388D763827CA206C00EB713F /* PBXTargetDependency */,
			);
			name = Main;
			productName = Main;
			productReference = 388D75F227CA1DA300EB713F /* Main.app */;
			productType = "com.apple.product-type.application";
		};
		388D760627CA1DA600EB713F /* MainTests */ = {
			isa = PBXNativeTarget;
			buildConfigurationList = 388D761C27CA1DA600EB713F /* Build configuration list for PBXNativeTarget "MainTests" */;
			buildPhases = (
				388D760327CA1DA600EB713F /* Sources */,
				388D760427CA1DA600EB713F /* Frameworks */,
				388D760527CA1DA600EB713F /* Resources */,
			);
			buildRules = (
			);
			dependencies = (
				388D760927CA1DA600EB713F /* PBXTargetDependency */,
			);
			name = MainTests;
			productName = MainTests;
			productReference = 388D760727CA1DA600EB713F /* MainTests.xctest */;
			productType = "com.apple.product-type.bundle.unit-test";
		};
/* End PBXNativeTarget section */

/* Begin PBXProject section */
		25364C5327C7AC6C0039496C /* Project object */ = {
			isa = PBXProject;
			attributes = {
				BuildIndependentTargetsInParallel = 1;
				LastSwiftUpdateCheck = 1320;
				LastUpgradeCheck = 1320;
				TargetAttributes = {
					25364C5B27C7AC6D0039496C = {
						CreatedOnToolsVersion = 13.2.1;
						LastSwiftMigration = 1320;
					};
					25364C7327C7AF200039496C = {
						CreatedOnToolsVersion = 13.2.1;
						LastSwiftMigration = 1320;
					};
					25364C7A27C7AF200039496C = {
						CreatedOnToolsVersion = 13.2.1;
						LastSwiftMigration = 1320;
					};
					25364CAA27C7EF070039496C = {
						CreatedOnToolsVersion = 13.2.1;
						LastSwiftMigration = 1320;
					};
					25364CB127C7EF070039496C = {
						CreatedOnToolsVersion = 13.2.1;
						LastSwiftMigration = 1320;
					};
					25364CD827C918A60039496C = {
						CreatedOnToolsVersion = 13.2.1;
						LastSwiftMigration = 1320;
					};
					25364CDF27C918A60039496C = {
						CreatedOnToolsVersion = 13.2.1;
					};
					25FD09C427C97C010084F3FC = {
						CreatedOnToolsVersion = 13.2.1;
						LastSwiftMigration = 1320;
					};
					25FD09CB27C97C010084F3FC = {
						CreatedOnToolsVersion = 13.2.1;
					};
					3804F5BD27C86532009A6CE6 = {
						CreatedOnToolsVersion = 13.2.1;
					};
					388D75F127CA1DA300EB713F = {
						CreatedOnToolsVersion = 13.2.1;
					};
					388D760627CA1DA600EB713F = {
						CreatedOnToolsVersion = 13.2.1;
						TestTargetID = 388D75F127CA1DA300EB713F;
					};
				};
			};
			buildConfigurationList = 25364C5627C7AC6C0039496C /* Build configuration list for PBXProject "MoviesCleanApp" */;
			compatibilityVersion = "Xcode 13.0";
			developmentRegion = en;
			hasScannedForEncodings = 0;
			knownRegions = (
				en,
				Base,
				"pt-BR",
			);
			mainGroup = 25364C5227C7AC6C0039496C;
			productRefGroup = 25364C5D27C7AC6D0039496C /* Products */;
			projectDirPath = "";
			projectRoot = "";
			targets = (
				25364C5B27C7AC6D0039496C /* Domain */,
				25364C7327C7AF200039496C /* Data */,
				25364C7A27C7AF200039496C /* DataTests */,
				25364CAA27C7EF070039496C /* Infra */,
				25364CB127C7EF070039496C /* InfraTests */,
				3804F5BD27C86532009A6CE6 /* MoviesCleanAppEndToEndTests */,
				25364CD827C918A60039496C /* Presentation */,
				25364CDF27C918A60039496C /* PresentationTests */,
				25FD09C427C97C010084F3FC /* UI */,
				25FD09CB27C97C010084F3FC /* UITests */,
				388D75F127CA1DA300EB713F /* Main */,
				388D760627CA1DA600EB713F /* MainTests */,
			);
		};
/* End PBXProject section */

/* Begin PBXResourcesBuildPhase section */
		25364C5A27C7AC6D0039496C /* Resources */ = {
			isa = PBXResourcesBuildPhase;
			buildActionMask = 2147483647;
			files = (
			);
			runOnlyForDeploymentPostprocessing = 0;
		};
		25364C7227C7AF200039496C /* Resources */ = {
			isa = PBXResourcesBuildPhase;
			buildActionMask = 2147483647;
			files = (
			);
			runOnlyForDeploymentPostprocessing = 0;
		};
		25364C7927C7AF200039496C /* Resources */ = {
			isa = PBXResourcesBuildPhase;
			buildActionMask = 2147483647;
			files = (
			);
			runOnlyForDeploymentPostprocessing = 0;
		};
		25364CA927C7EF070039496C /* Resources */ = {
			isa = PBXResourcesBuildPhase;
			buildActionMask = 2147483647;
			files = (
			);
			runOnlyForDeploymentPostprocessing = 0;
		};
		25364CB027C7EF070039496C /* Resources */ = {
			isa = PBXResourcesBuildPhase;
			buildActionMask = 2147483647;
			files = (
			);
			runOnlyForDeploymentPostprocessing = 0;
		};
		25364CD727C918A60039496C /* Resources */ = {
			isa = PBXResourcesBuildPhase;
			buildActionMask = 2147483647;
			files = (
				25FD09B927C975900084F3FC /* Movie.strings in Resources */,
			);
			runOnlyForDeploymentPostprocessing = 0;
		};
		25364CDE27C918A60039496C /* Resources */ = {
			isa = PBXResourcesBuildPhase;
			buildActionMask = 2147483647;
			files = (
			);
			runOnlyForDeploymentPostprocessing = 0;
		};
		25FD09C327C97C010084F3FC /* Resources */ = {
			isa = PBXResourcesBuildPhase;
			buildActionMask = 2147483647;
			files = (
			);
			runOnlyForDeploymentPostprocessing = 0;
		};
		25FD09CA27C97C010084F3FC /* Resources */ = {
			isa = PBXResourcesBuildPhase;
			buildActionMask = 2147483647;
			files = (
			);
			runOnlyForDeploymentPostprocessing = 0;
		};
		3804F5BC27C86532009A6CE6 /* Resources */ = {
			isa = PBXResourcesBuildPhase;
			buildActionMask = 2147483647;
			files = (
			);
			runOnlyForDeploymentPostprocessing = 0;
		};
		388D75F027CA1DA300EB713F /* Resources */ = {
			isa = PBXResourcesBuildPhase;
			buildActionMask = 2147483647;
			files = (
				388D760127CA1DA600EB713F /* LaunchScreen.storyboard in Resources */,
				388D75FE27CA1DA600EB713F /* Assets.xcassets in Resources */,
				388D75FC27CA1DA300EB713F /* Main.storyboard in Resources */,
			);
			runOnlyForDeploymentPostprocessing = 0;
		};
		388D760527CA1DA600EB713F /* Resources */ = {
			isa = PBXResourcesBuildPhase;
			buildActionMask = 2147483647;
			files = (
			);
			runOnlyForDeploymentPostprocessing = 0;
		};
/* End PBXResourcesBuildPhase section */

/* Begin PBXSourcesBuildPhase section */
		25364C5827C7AC6D0039496C /* Sources */ = {
			isa = PBXSourcesBuildPhase;
			buildActionMask = 2147483647;
			files = (
				25364C6B27C7ADB00039496C /* MovieLoader.swift in Sources */,
				388D75EA27CA146700EB713F /* MovieImageDataLoader.swift in Sources */,
				25364C6E27C7ADF70039496C /* DomainError.swift in Sources */,
				25364C6727C7ACC50039496C /* Movie.swift in Sources */,
			);
			runOnlyForDeploymentPostprocessing = 0;
		};
		25364C7027C7AF200039496C /* Sources */ = {
			isa = PBXSourcesBuildPhase;
			buildActionMask = 2147483647;
			files = (
				25364C9727C7B33D0039496C /* HttpGetClient.swift in Sources */,
				388D75ED27CA151500EB713F /* RemoteFeedImageDataLoader.swift in Sources */,
				25364C9C27C7D7670039496C /* MovieResponse.swift in Sources */,
				25364C9927C7B35E0039496C /* HttpError.swift in Sources */,
				25364C9027C7B0190039496C /* RemoteMovieLoader.swift in Sources */,
			);
			runOnlyForDeploymentPostprocessing = 0;
		};
		25364C7727C7AF200039496C /* Sources */ = {
			isa = PBXSourcesBuildPhase;
			buildActionMask = 2147483647;
			files = (
				3804F5B827C85717009A6CE6 /* XCTestCase+Memory.swift in Sources */,
				25364CA227C7EBC60039496C /* MovieResponse+Encoder.swift in Sources */,
				25364C9F27C7EAC10039496C /* HttpGetClientSpy.swift in Sources */,
				25364CA527C7EC120039496C /* TestFactories.swift in Sources */,
				25364C9427C7B2370039496C /* RemoteMovieLoaderTests.swift in Sources */,
			);
			runOnlyForDeploymentPostprocessing = 0;
		};
		25364CA727C7EF070039496C /* Sources */ = {
			isa = PBXSourcesBuildPhase;
			buildActionMask = 2147483647;
			files = (
				25364CCE27C8349B0039496C /* HTTPMethod.swift in Sources */,
				25364CC427C7F1130039496C /* URLSessionHttpClient.swift in Sources */,
			);
			runOnlyForDeploymentPostprocessing = 0;
		};
		25364CAE27C7EF070039496C /* Sources */ = {
			isa = PBXSourcesBuildPhase;
			buildActionMask = 2147483647;
			files = (
				3804F5B927C85DC0009A6CE6 /* XCTestCase+Memory.swift in Sources */,
				25364CC527C7F2590039496C /* TestFactories.swift in Sources */,
				25364CCA27C805890039496C /* URLSessionHttpGetClientTests.swift in Sources */,
				25364CC827C7F6890039496C /* URLProtocolStub.swift in Sources */,
				3804F5B527C8569A009A6CE6 /* TestHelpers.swift in Sources */,
			);
			runOnlyForDeploymentPostprocessing = 0;
		};
		25364CD527C918A60039496C /* Sources */ = {
			isa = PBXSourcesBuildPhase;
			buildActionMask = 2147483647;
			files = (
				256F551A27C9575B00E6A03A /* MovieViewPresenter.swift in Sources */,
				256F552727C96D5200E6A03A /* MovieLoadingViewModel.swift in Sources */,
				256F552327C96D0900E6A03A /* MovieViewModel.swift in Sources */,
				256F551D27C96CB200E6A03A /* MovieView.swift in Sources */,
				256F552127C96CDE00E6A03A /* MovieLoadingView.swift in Sources */,
				256F552527C96D4000E6A03A /* MovieAlertViewModel.swift in Sources */,
				256F551F27C96CC900E6A03A /* MovieAlertView.swift in Sources */,
			);
			runOnlyForDeploymentPostprocessing = 0;
		};
		25364CDC27C918A60039496C /* Sources */ = {
			isa = PBXSourcesBuildPhase;
			buildActionMask = 2147483647;
			files = (
				256F552A27C96D9400E6A03A /* MovieViewSpy.swift in Sources */,
				25364CEF27C943ED0039496C /* TestFactories.swift in Sources */,
				25FD09BE27C97A640084F3FC /* MovieLocalizationTests.swift in Sources */,
				25364CE627C918A60039496C /* MovieViewPresenterTests.swift in Sources */,
				25364CEE27C925160039496C /* XCTestCase+Memory.swift in Sources */,
			);
			runOnlyForDeploymentPostprocessing = 0;
		};
		25FD09C127C97C010084F3FC /* Sources */ = {
			isa = PBXSourcesBuildPhase;
			buildActionMask = 2147483647;
			files = (
				3857572627C9B782009DFC2D /* MovieCollectionViewCell.swift in Sources */,
				3857571F27C9B6C6009DFC2D /* UIView+Constraints.swift in Sources */,
				3857572227C9B713009DFC2D /* CodeView.swift in Sources */,
			);
			runOnlyForDeploymentPostprocessing = 0;
		};
		25FD09C827C97C010084F3FC /* Sources */ = {
			isa = PBXSourcesBuildPhase;
			buildActionMask = 2147483647;
			files = (
				25FD09D227C97C010084F3FC /* UITests.swift in Sources */,
			);
			runOnlyForDeploymentPostprocessing = 0;
		};
		3804F5BA27C86532009A6CE6 /* Sources */ = {
			isa = PBXSourcesBuildPhase;
			buildActionMask = 2147483647;
			files = (
				3804F5C127C86532009A6CE6 /* MoviesCleanAppEndToEndTests.swift in Sources */,
			);
			runOnlyForDeploymentPostprocessing = 0;
		};
		388D75EE27CA1DA300EB713F /* Sources */ = {
			isa = PBXSourcesBuildPhase;
			buildActionMask = 2147483647;
			files = (
				388D762427CA202700EB713F /* MainQueueDispatchDecorator.swift in Sources */,
				388D75F927CA1DA300EB713F /* ViewController.swift in Sources */,
				388D75F527CA1DA300EB713F /* AppDelegate.swift in Sources */,
				388D75F727CA1DA300EB713F /* SceneDelegate.swift in Sources */,
			);
			runOnlyForDeploymentPostprocessing = 0;
		};
		388D760327CA1DA600EB713F /* Sources */ = {
			isa = PBXSourcesBuildPhase;
			buildActionMask = 2147483647;
			files = (
				388D760C27CA1DA600EB713F /* MainTests.swift in Sources */,
			);
			runOnlyForDeploymentPostprocessing = 0;
		};
/* End PBXSourcesBuildPhase section */

/* Begin PBXTargetDependency section */
		25364C7E27C7AF200039496C /* PBXTargetDependency */ = {
			isa = PBXTargetDependency;
			target = 25364C7327C7AF200039496C /* Data */;
			targetProxy = 25364C7D27C7AF200039496C /* PBXContainerItemProxy */;
		};
		25364C8D27C7AF650039496C /* PBXTargetDependency */ = {
			isa = PBXTargetDependency;
			target = 25364C5B27C7AC6D0039496C /* Domain */;
			targetProxy = 25364C8C27C7AF650039496C /* PBXContainerItemProxy */;
		};
		25364CB527C7EF070039496C /* PBXTargetDependency */ = {
			isa = PBXTargetDependency;
			target = 25364CAA27C7EF070039496C /* Infra */;
			targetProxy = 25364CB427C7EF070039496C /* PBXContainerItemProxy */;
		};
		25364CD227C834B40039496C /* PBXTargetDependency */ = {
			isa = PBXTargetDependency;
			target = 25364C7327C7AF200039496C /* Data */;
			targetProxy = 25364CD127C834B40039496C /* PBXContainerItemProxy */;
		};
		25364CE327C918A60039496C /* PBXTargetDependency */ = {
			isa = PBXTargetDependency;
			target = 25364CD827C918A60039496C /* Presentation */;
			targetProxy = 25364CE227C918A60039496C /* PBXContainerItemProxy */;
		};
		25FD09B327C9754B0084F3FC /* PBXTargetDependency */ = {
			isa = PBXTargetDependency;
			target = 25364C5B27C7AC6D0039496C /* Domain */;
			targetProxy = 25FD09B227C9754B0084F3FC /* PBXContainerItemProxy */;
		};
		25FD09CF27C97C010084F3FC /* PBXTargetDependency */ = {
			isa = PBXTargetDependency;
			target = 25FD09C427C97C010084F3FC /* UI */;
			targetProxy = 25FD09CE27C97C010084F3FC /* PBXContainerItemProxy */;
		};
		3804F5C427C86532009A6CE6 /* PBXTargetDependency */ = {
			isa = PBXTargetDependency;
			target = 25364C5B27C7AC6D0039496C /* Domain */;
			targetProxy = 3804F5C327C86532009A6CE6 /* PBXContainerItemProxy */;
		};
		388D760927CA1DA600EB713F /* PBXTargetDependency */ = {
			isa = PBXTargetDependency;
			target = 388D75F127CA1DA300EB713F /* Main */;
			targetProxy = 388D760827CA1DA600EB713F /* PBXContainerItemProxy */;
		};
		388D762827CA206C00EB713F /* PBXTargetDependency */ = {
			isa = PBXTargetDependency;
			platformFilter = ios;
			target = 25364C7327C7AF200039496C /* Data */;
			targetProxy = 388D762727CA206C00EB713F /* PBXContainerItemProxy */;
		};
		388D762C27CA206C00EB713F /* PBXTargetDependency */ = {
			isa = PBXTargetDependency;
			target = 25364C5B27C7AC6D0039496C /* Domain */;
			targetProxy = 388D762B27CA206C00EB713F /* PBXContainerItemProxy */;
		};
		388D763027CA206C00EB713F /* PBXTargetDependency */ = {
			isa = PBXTargetDependency;
			target = 25364CAA27C7EF070039496C /* Infra */;
			targetProxy = 388D762F27CA206C00EB713F /* PBXContainerItemProxy */;
		};
		388D763427CA206C00EB713F /* PBXTargetDependency */ = {
			isa = PBXTargetDependency;
			target = 25364CD827C918A60039496C /* Presentation */;
			targetProxy = 388D763327CA206C00EB713F /* PBXContainerItemProxy */;
		};
		388D763827CA206C00EB713F /* PBXTargetDependency */ = {
			isa = PBXTargetDependency;
			platformFilter = ios;
			target = 25FD09C427C97C010084F3FC /* UI */;
			targetProxy = 388D763727CA206C00EB713F /* PBXContainerItemProxy */;
		};
/* End PBXTargetDependency section */

/* Begin PBXVariantGroup section */
		25FD09BB27C975900084F3FC /* Movie.strings */ = {
			isa = PBXVariantGroup;
			children = (
				25FD09BA27C975900084F3FC /* en */,
				25FD09BC27C975E90084F3FC /* pt-BR */,
			);
			name = Movie.strings;
			sourceTree = "<group>";
		};
		388D75FA27CA1DA300EB713F /* Main.storyboard */ = {
			isa = PBXVariantGroup;
			children = (
				388D75FB27CA1DA300EB713F /* Base */,
			);
			name = Main.storyboard;
			sourceTree = "<group>";
		};
		388D75FF27CA1DA600EB713F /* LaunchScreen.storyboard */ = {
			isa = PBXVariantGroup;
			children = (
				388D760027CA1DA600EB713F /* Base */,
			);
			name = LaunchScreen.storyboard;
			sourceTree = "<group>";
		};
/* End PBXVariantGroup section */

/* Begin XCBuildConfiguration section */
		25364C6127C7AC6D0039496C /* Debug */ = {
			isa = XCBuildConfiguration;
			buildSettings = {
				ALWAYS_SEARCH_USER_PATHS = NO;
				CLANG_ANALYZER_LOCALIZABILITY_NONLOCALIZED = YES;
				CLANG_ANALYZER_NONNULL = YES;
				CLANG_ANALYZER_NUMBER_OBJECT_CONVERSION = YES_AGGRESSIVE;
				CLANG_CXX_LANGUAGE_STANDARD = "gnu++17";
				CLANG_CXX_LIBRARY = "libc++";
				CLANG_ENABLE_MODULES = YES;
				CLANG_ENABLE_OBJC_ARC = YES;
				CLANG_ENABLE_OBJC_WEAK = YES;
				CLANG_WARN_BLOCK_CAPTURE_AUTORELEASING = YES;
				CLANG_WARN_BOOL_CONVERSION = YES;
				CLANG_WARN_COMMA = YES;
				CLANG_WARN_CONSTANT_CONVERSION = YES;
				CLANG_WARN_DEPRECATED_OBJC_IMPLEMENTATIONS = YES;
				CLANG_WARN_DIRECT_OBJC_ISA_USAGE = YES_ERROR;
				CLANG_WARN_DOCUMENTATION_COMMENTS = YES;
				CLANG_WARN_EMPTY_BODY = YES;
				CLANG_WARN_ENUM_CONVERSION = YES;
				CLANG_WARN_INFINITE_RECURSION = YES;
				CLANG_WARN_INT_CONVERSION = YES;
				CLANG_WARN_NON_LITERAL_NULL_CONVERSION = YES;
				CLANG_WARN_OBJC_IMPLICIT_RETAIN_SELF = YES;
				CLANG_WARN_OBJC_LITERAL_CONVERSION = YES;
				CLANG_WARN_OBJC_ROOT_CLASS = YES_ERROR;
				CLANG_WARN_QUOTED_INCLUDE_IN_FRAMEWORK_HEADER = YES;
				CLANG_WARN_RANGE_LOOP_ANALYSIS = YES;
				CLANG_WARN_STRICT_PROTOTYPES = YES;
				CLANG_WARN_SUSPICIOUS_MOVE = YES;
				CLANG_WARN_UNGUARDED_AVAILABILITY = YES_AGGRESSIVE;
				CLANG_WARN_UNREACHABLE_CODE = YES;
				CLANG_WARN__DUPLICATE_METHOD_MATCH = YES;
				COPY_PHASE_STRIP = NO;
				CURRENT_PROJECT_VERSION = 1;
				DEBUG_INFORMATION_FORMAT = dwarf;
				ENABLE_STRICT_OBJC_MSGSEND = YES;
				ENABLE_TESTABILITY = YES;
				GCC_C_LANGUAGE_STANDARD = gnu11;
				GCC_DYNAMIC_NO_PIC = NO;
				GCC_NO_COMMON_BLOCKS = YES;
				GCC_OPTIMIZATION_LEVEL = 0;
				GCC_PREPROCESSOR_DEFINITIONS = (
					"DEBUG=1",
					"$(inherited)",
				);
				GCC_WARN_64_TO_32_BIT_CONVERSION = YES;
				GCC_WARN_ABOUT_RETURN_TYPE = YES_ERROR;
				GCC_WARN_UNDECLARED_SELECTOR = YES;
				GCC_WARN_UNINITIALIZED_AUTOS = YES_AGGRESSIVE;
				GCC_WARN_UNUSED_FUNCTION = YES;
				GCC_WARN_UNUSED_VARIABLE = YES;
				MACOSX_DEPLOYMENT_TARGET = 12.1;
				MTL_ENABLE_DEBUG_INFO = INCLUDE_SOURCE;
				MTL_FAST_MATH = YES;
				ONLY_ACTIVE_ARCH = YES;
				SDKROOT = macosx;
				SWIFT_ACTIVE_COMPILATION_CONDITIONS = DEBUG;
				SWIFT_OPTIMIZATION_LEVEL = "-Onone";
				VERSIONING_SYSTEM = "apple-generic";
				VERSION_INFO_PREFIX = "";
			};
			name = Debug;
		};
		25364C6227C7AC6D0039496C /* Release */ = {
			isa = XCBuildConfiguration;
			buildSettings = {
				ALWAYS_SEARCH_USER_PATHS = NO;
				CLANG_ANALYZER_LOCALIZABILITY_NONLOCALIZED = YES;
				CLANG_ANALYZER_NONNULL = YES;
				CLANG_ANALYZER_NUMBER_OBJECT_CONVERSION = YES_AGGRESSIVE;
				CLANG_CXX_LANGUAGE_STANDARD = "gnu++17";
				CLANG_CXX_LIBRARY = "libc++";
				CLANG_ENABLE_MODULES = YES;
				CLANG_ENABLE_OBJC_ARC = YES;
				CLANG_ENABLE_OBJC_WEAK = YES;
				CLANG_WARN_BLOCK_CAPTURE_AUTORELEASING = YES;
				CLANG_WARN_BOOL_CONVERSION = YES;
				CLANG_WARN_COMMA = YES;
				CLANG_WARN_CONSTANT_CONVERSION = YES;
				CLANG_WARN_DEPRECATED_OBJC_IMPLEMENTATIONS = YES;
				CLANG_WARN_DIRECT_OBJC_ISA_USAGE = YES_ERROR;
				CLANG_WARN_DOCUMENTATION_COMMENTS = YES;
				CLANG_WARN_EMPTY_BODY = YES;
				CLANG_WARN_ENUM_CONVERSION = YES;
				CLANG_WARN_INFINITE_RECURSION = YES;
				CLANG_WARN_INT_CONVERSION = YES;
				CLANG_WARN_NON_LITERAL_NULL_CONVERSION = YES;
				CLANG_WARN_OBJC_IMPLICIT_RETAIN_SELF = YES;
				CLANG_WARN_OBJC_LITERAL_CONVERSION = YES;
				CLANG_WARN_OBJC_ROOT_CLASS = YES_ERROR;
				CLANG_WARN_QUOTED_INCLUDE_IN_FRAMEWORK_HEADER = YES;
				CLANG_WARN_RANGE_LOOP_ANALYSIS = YES;
				CLANG_WARN_STRICT_PROTOTYPES = YES;
				CLANG_WARN_SUSPICIOUS_MOVE = YES;
				CLANG_WARN_UNGUARDED_AVAILABILITY = YES_AGGRESSIVE;
				CLANG_WARN_UNREACHABLE_CODE = YES;
				CLANG_WARN__DUPLICATE_METHOD_MATCH = YES;
				COPY_PHASE_STRIP = NO;
				CURRENT_PROJECT_VERSION = 1;
				DEBUG_INFORMATION_FORMAT = "dwarf-with-dsym";
				ENABLE_NS_ASSERTIONS = NO;
				ENABLE_STRICT_OBJC_MSGSEND = YES;
				GCC_C_LANGUAGE_STANDARD = gnu11;
				GCC_NO_COMMON_BLOCKS = YES;
				GCC_WARN_64_TO_32_BIT_CONVERSION = YES;
				GCC_WARN_ABOUT_RETURN_TYPE = YES_ERROR;
				GCC_WARN_UNDECLARED_SELECTOR = YES;
				GCC_WARN_UNINITIALIZED_AUTOS = YES_AGGRESSIVE;
				GCC_WARN_UNUSED_FUNCTION = YES;
				GCC_WARN_UNUSED_VARIABLE = YES;
				MACOSX_DEPLOYMENT_TARGET = 12.1;
				MTL_ENABLE_DEBUG_INFO = NO;
				MTL_FAST_MATH = YES;
				SDKROOT = macosx;
				SWIFT_COMPILATION_MODE = wholemodule;
				SWIFT_OPTIMIZATION_LEVEL = "-O";
				VERSIONING_SYSTEM = "apple-generic";
				VERSION_INFO_PREFIX = "";
			};
			name = Release;
		};
		25364C6427C7AC6D0039496C /* Debug */ = {
			isa = XCBuildConfiguration;
			buildSettings = {
				CLANG_ENABLE_MODULES = YES;
				CODE_SIGN_STYLE = Automatic;
				COMBINE_HIDPI_IMAGES = YES;
				CURRENT_PROJECT_VERSION = 1;
				DEFINES_MODULE = YES;
				DEVELOPMENT_TEAM = M2DD4Z95YZ;
				DYLIB_COMPATIBILITY_VERSION = 1;
				DYLIB_CURRENT_VERSION = 1;
				DYLIB_INSTALL_NAME_BASE = "@rpath";
				GENERATE_INFOPLIST_FILE = YES;
				INFOPLIST_KEY_NSHumanReadableCopyright = "";
				INSTALL_PATH = "$(LOCAL_LIBRARY_DIR)/Frameworks";
				LD_RUNPATH_SEARCH_PATHS = (
					"$(inherited)",
					"@executable_path/../Frameworks",
					"@loader_path/Frameworks",
				);
				MARKETING_VERSION = 1.0;
				PRODUCT_BUNDLE_IDENTIFIER = LuizHammerli.MoviesCleanApp;
				PRODUCT_NAME = "$(TARGET_NAME:c99extidentifier)";
				SKIP_INSTALL = YES;
				SUPPORTED_PLATFORMS = "macosx iphonesimulator iphoneos";
				SWIFT_EMIT_LOC_STRINGS = YES;
				SWIFT_OPTIMIZATION_LEVEL = "-Onone";
				SWIFT_VERSION = 5.0;
			};
			name = Debug;
		};
		25364C6527C7AC6D0039496C /* Release */ = {
			isa = XCBuildConfiguration;
			buildSettings = {
				CLANG_ENABLE_MODULES = YES;
				CODE_SIGN_STYLE = Automatic;
				COMBINE_HIDPI_IMAGES = YES;
				CURRENT_PROJECT_VERSION = 1;
				DEFINES_MODULE = YES;
				DEVELOPMENT_TEAM = M2DD4Z95YZ;
				DYLIB_COMPATIBILITY_VERSION = 1;
				DYLIB_CURRENT_VERSION = 1;
				DYLIB_INSTALL_NAME_BASE = "@rpath";
				GENERATE_INFOPLIST_FILE = YES;
				INFOPLIST_KEY_NSHumanReadableCopyright = "";
				INSTALL_PATH = "$(LOCAL_LIBRARY_DIR)/Frameworks";
				LD_RUNPATH_SEARCH_PATHS = (
					"$(inherited)",
					"@executable_path/../Frameworks",
					"@loader_path/Frameworks",
				);
				MARKETING_VERSION = 1.0;
				PRODUCT_BUNDLE_IDENTIFIER = LuizHammerli.MoviesCleanApp;
				PRODUCT_NAME = "$(TARGET_NAME:c99extidentifier)";
				SKIP_INSTALL = YES;
				SUPPORTED_PLATFORMS = "macosx iphonesimulator iphoneos";
				SWIFT_EMIT_LOC_STRINGS = YES;
				SWIFT_VERSION = 5.0;
			};
			name = Release;
		};
		25364C8427C7AF200039496C /* Debug */ = {
			isa = XCBuildConfiguration;
			buildSettings = {
				CLANG_ENABLE_MODULES = YES;
				CODE_SIGN_STYLE = Automatic;
				COMBINE_HIDPI_IMAGES = YES;
				CURRENT_PROJECT_VERSION = 1;
				DEFINES_MODULE = YES;
				DEVELOPMENT_TEAM = M2DD4Z95YZ;
				DYLIB_COMPATIBILITY_VERSION = 1;
				DYLIB_CURRENT_VERSION = 1;
				DYLIB_INSTALL_NAME_BASE = "@rpath";
				GENERATE_INFOPLIST_FILE = YES;
				INFOPLIST_KEY_NSHumanReadableCopyright = "";
				INSTALL_PATH = "$(LOCAL_LIBRARY_DIR)/Frameworks";
				LD_RUNPATH_SEARCH_PATHS = (
					"$(inherited)",
					"@executable_path/../Frameworks",
					"@loader_path/Frameworks",
				);
				MARKETING_VERSION = 1.0;
				PRODUCT_BUNDLE_IDENTIFIER = LuizHammerli.Data;
				PRODUCT_NAME = "$(TARGET_NAME:c99extidentifier)";
				SKIP_INSTALL = YES;
				SUPPORTED_PLATFORMS = "macosx iphonesimulator iphoneos";
				SWIFT_EMIT_LOC_STRINGS = YES;
				SWIFT_OPTIMIZATION_LEVEL = "-Onone";
				SWIFT_VERSION = 5.0;
			};
			name = Debug;
		};
		25364C8527C7AF200039496C /* Release */ = {
			isa = XCBuildConfiguration;
			buildSettings = {
				CLANG_ENABLE_MODULES = YES;
				CODE_SIGN_STYLE = Automatic;
				COMBINE_HIDPI_IMAGES = YES;
				CURRENT_PROJECT_VERSION = 1;
				DEFINES_MODULE = YES;
				DEVELOPMENT_TEAM = M2DD4Z95YZ;
				DYLIB_COMPATIBILITY_VERSION = 1;
				DYLIB_CURRENT_VERSION = 1;
				DYLIB_INSTALL_NAME_BASE = "@rpath";
				GENERATE_INFOPLIST_FILE = YES;
				INFOPLIST_KEY_NSHumanReadableCopyright = "";
				INSTALL_PATH = "$(LOCAL_LIBRARY_DIR)/Frameworks";
				LD_RUNPATH_SEARCH_PATHS = (
					"$(inherited)",
					"@executable_path/../Frameworks",
					"@loader_path/Frameworks",
				);
				MARKETING_VERSION = 1.0;
				PRODUCT_BUNDLE_IDENTIFIER = LuizHammerli.Data;
				PRODUCT_NAME = "$(TARGET_NAME:c99extidentifier)";
				SKIP_INSTALL = YES;
				SUPPORTED_PLATFORMS = "macosx iphonesimulator iphoneos";
				SWIFT_EMIT_LOC_STRINGS = YES;
				SWIFT_VERSION = 5.0;
			};
			name = Release;
		};
		25364C8727C7AF200039496C /* Debug */ = {
			isa = XCBuildConfiguration;
			buildSettings = {
				ALWAYS_EMBED_SWIFT_STANDARD_LIBRARIES = YES;
				CLANG_ENABLE_MODULES = YES;
				CODE_SIGN_STYLE = Automatic;
				CURRENT_PROJECT_VERSION = 1;
				DEVELOPMENT_TEAM = M2DD4Z95YZ;
				GENERATE_INFOPLIST_FILE = YES;
				LD_RUNPATH_SEARCH_PATHS = (
					"$(inherited)",
					"@executable_path/../Frameworks",
					"@loader_path/../Frameworks",
				);
				MARKETING_VERSION = 1.0;
				PRODUCT_BUNDLE_IDENTIFIER = LuizHammerli.DataTests;
				PRODUCT_NAME = "$(TARGET_NAME)";
				SWIFT_EMIT_LOC_STRINGS = NO;
				SWIFT_OPTIMIZATION_LEVEL = "-Onone";
				SWIFT_VERSION = 5.0;
			};
			name = Debug;
		};
		25364C8827C7AF200039496C /* Release */ = {
			isa = XCBuildConfiguration;
			buildSettings = {
				ALWAYS_EMBED_SWIFT_STANDARD_LIBRARIES = YES;
				CLANG_ENABLE_MODULES = YES;
				CODE_SIGN_STYLE = Automatic;
				CURRENT_PROJECT_VERSION = 1;
				DEVELOPMENT_TEAM = M2DD4Z95YZ;
				GENERATE_INFOPLIST_FILE = YES;
				LD_RUNPATH_SEARCH_PATHS = (
					"$(inherited)",
					"@executable_path/../Frameworks",
					"@loader_path/../Frameworks",
				);
				MARKETING_VERSION = 1.0;
				PRODUCT_BUNDLE_IDENTIFIER = LuizHammerli.DataTests;
				PRODUCT_NAME = "$(TARGET_NAME)";
				SWIFT_EMIT_LOC_STRINGS = NO;
				SWIFT_VERSION = 5.0;
			};
			name = Release;
		};
		25364CBB27C7EF070039496C /* Debug */ = {
			isa = XCBuildConfiguration;
			buildSettings = {
				CLANG_ENABLE_MODULES = YES;
				CODE_SIGN_STYLE = Automatic;
				COMBINE_HIDPI_IMAGES = YES;
				CURRENT_PROJECT_VERSION = 1;
				DEFINES_MODULE = YES;
				DEVELOPMENT_TEAM = M2DD4Z95YZ;
				DYLIB_COMPATIBILITY_VERSION = 1;
				DYLIB_CURRENT_VERSION = 1;
				DYLIB_INSTALL_NAME_BASE = "@rpath";
				GENERATE_INFOPLIST_FILE = YES;
				INFOPLIST_KEY_NSHumanReadableCopyright = "";
				INSTALL_PATH = "$(LOCAL_LIBRARY_DIR)/Frameworks";
				LD_RUNPATH_SEARCH_PATHS = (
					"$(inherited)",
					"@executable_path/../Frameworks",
					"@loader_path/Frameworks",
				);
				MARKETING_VERSION = 1.0;
				PRODUCT_BUNDLE_IDENTIFIER = LuizHammerli.Infra;
				PRODUCT_NAME = "$(TARGET_NAME:c99extidentifier)";
				SKIP_INSTALL = YES;
				SUPPORTED_PLATFORMS = "macosx iphonesimulator iphoneos";
				SWIFT_EMIT_LOC_STRINGS = YES;
				SWIFT_OPTIMIZATION_LEVEL = "-Onone";
				SWIFT_VERSION = 5.0;
			};
			name = Debug;
		};
		25364CBC27C7EF070039496C /* Release */ = {
			isa = XCBuildConfiguration;
			buildSettings = {
				CLANG_ENABLE_MODULES = YES;
				CODE_SIGN_STYLE = Automatic;
				COMBINE_HIDPI_IMAGES = YES;
				CURRENT_PROJECT_VERSION = 1;
				DEFINES_MODULE = YES;
				DEVELOPMENT_TEAM = M2DD4Z95YZ;
				DYLIB_COMPATIBILITY_VERSION = 1;
				DYLIB_CURRENT_VERSION = 1;
				DYLIB_INSTALL_NAME_BASE = "@rpath";
				GENERATE_INFOPLIST_FILE = YES;
				INFOPLIST_KEY_NSHumanReadableCopyright = "";
				INSTALL_PATH = "$(LOCAL_LIBRARY_DIR)/Frameworks";
				LD_RUNPATH_SEARCH_PATHS = (
					"$(inherited)",
					"@executable_path/../Frameworks",
					"@loader_path/Frameworks",
				);
				MARKETING_VERSION = 1.0;
				PRODUCT_BUNDLE_IDENTIFIER = LuizHammerli.Infra;
				PRODUCT_NAME = "$(TARGET_NAME:c99extidentifier)";
				SKIP_INSTALL = YES;
				SUPPORTED_PLATFORMS = "macosx iphonesimulator iphoneos";
				SWIFT_EMIT_LOC_STRINGS = YES;
				SWIFT_VERSION = 5.0;
			};
			name = Release;
		};
		25364CBE27C7EF070039496C /* Debug */ = {
			isa = XCBuildConfiguration;
			buildSettings = {
				ALWAYS_EMBED_SWIFT_STANDARD_LIBRARIES = YES;
				CLANG_ENABLE_MODULES = YES;
				CODE_SIGN_STYLE = Automatic;
				CURRENT_PROJECT_VERSION = 1;
				DEVELOPMENT_TEAM = M2DD4Z95YZ;
				GENERATE_INFOPLIST_FILE = YES;
				LD_RUNPATH_SEARCH_PATHS = (
					"$(inherited)",
					"@executable_path/../Frameworks",
					"@loader_path/../Frameworks",
				);
				MARKETING_VERSION = 1.0;
				PRODUCT_BUNDLE_IDENTIFIER = LuizHammerli.InfraTests;
				PRODUCT_NAME = "$(TARGET_NAME)";
				SWIFT_EMIT_LOC_STRINGS = NO;
				SWIFT_OPTIMIZATION_LEVEL = "-Onone";
				SWIFT_VERSION = 5.0;
			};
			name = Debug;
		};
		25364CBF27C7EF070039496C /* Release */ = {
			isa = XCBuildConfiguration;
			buildSettings = {
				ALWAYS_EMBED_SWIFT_STANDARD_LIBRARIES = YES;
				CLANG_ENABLE_MODULES = YES;
				CODE_SIGN_STYLE = Automatic;
				CURRENT_PROJECT_VERSION = 1;
				DEVELOPMENT_TEAM = M2DD4Z95YZ;
				GENERATE_INFOPLIST_FILE = YES;
				LD_RUNPATH_SEARCH_PATHS = (
					"$(inherited)",
					"@executable_path/../Frameworks",
					"@loader_path/../Frameworks",
				);
				MARKETING_VERSION = 1.0;
				PRODUCT_BUNDLE_IDENTIFIER = LuizHammerli.InfraTests;
				PRODUCT_NAME = "$(TARGET_NAME)";
				SWIFT_EMIT_LOC_STRINGS = NO;
				SWIFT_VERSION = 5.0;
			};
			name = Release;
		};
		25364CE827C918A60039496C /* Debug */ = {
			isa = XCBuildConfiguration;
			buildSettings = {
				CLANG_ENABLE_MODULES = YES;
				CODE_SIGN_STYLE = Automatic;
				COMBINE_HIDPI_IMAGES = YES;
				CURRENT_PROJECT_VERSION = 1;
				DEFINES_MODULE = YES;
				DEVELOPMENT_TEAM = M2DD4Z95YZ;
				DYLIB_COMPATIBILITY_VERSION = 1;
				DYLIB_CURRENT_VERSION = 1;
				DYLIB_INSTALL_NAME_BASE = "@rpath";
				GENERATE_INFOPLIST_FILE = YES;
				INFOPLIST_KEY_NSHumanReadableCopyright = "";
				INSTALL_PATH = "$(LOCAL_LIBRARY_DIR)/Frameworks";
				LD_RUNPATH_SEARCH_PATHS = (
					"$(inherited)",
					"@executable_path/../Frameworks",
					"@loader_path/Frameworks",
				);
				MARKETING_VERSION = 1.0;
				PRODUCT_BUNDLE_IDENTIFIER = LuizHammerli.Presentation;
				PRODUCT_NAME = "$(TARGET_NAME:c99extidentifier)";
				SKIP_INSTALL = YES;
				SUPPORTED_PLATFORMS = "macosx iphonesimulator iphoneos";
				SWIFT_EMIT_LOC_STRINGS = YES;
				SWIFT_OPTIMIZATION_LEVEL = "-Onone";
				SWIFT_VERSION = 5.0;
			};
			name = Debug;
		};
		25364CE927C918A60039496C /* Release */ = {
			isa = XCBuildConfiguration;
			buildSettings = {
				CLANG_ENABLE_MODULES = YES;
				CODE_SIGN_STYLE = Automatic;
				COMBINE_HIDPI_IMAGES = YES;
				CURRENT_PROJECT_VERSION = 1;
				DEFINES_MODULE = YES;
				DEVELOPMENT_TEAM = M2DD4Z95YZ;
				DYLIB_COMPATIBILITY_VERSION = 1;
				DYLIB_CURRENT_VERSION = 1;
				DYLIB_INSTALL_NAME_BASE = "@rpath";
				GENERATE_INFOPLIST_FILE = YES;
				INFOPLIST_KEY_NSHumanReadableCopyright = "";
				INSTALL_PATH = "$(LOCAL_LIBRARY_DIR)/Frameworks";
				LD_RUNPATH_SEARCH_PATHS = (
					"$(inherited)",
					"@executable_path/../Frameworks",
					"@loader_path/Frameworks",
				);
				MARKETING_VERSION = 1.0;
				PRODUCT_BUNDLE_IDENTIFIER = LuizHammerli.Presentation;
				PRODUCT_NAME = "$(TARGET_NAME:c99extidentifier)";
				SKIP_INSTALL = YES;
				SUPPORTED_PLATFORMS = "macosx iphonesimulator iphoneos";
				SWIFT_EMIT_LOC_STRINGS = YES;
				SWIFT_VERSION = 5.0;
			};
			name = Release;
		};
		25364CEA27C918A60039496C /* Debug */ = {
			isa = XCBuildConfiguration;
			buildSettings = {
				ALWAYS_EMBED_SWIFT_STANDARD_LIBRARIES = YES;
				CODE_SIGN_STYLE = Automatic;
				CURRENT_PROJECT_VERSION = 1;
				DEVELOPMENT_TEAM = M2DD4Z95YZ;
				GENERATE_INFOPLIST_FILE = YES;
				MARKETING_VERSION = 1.0;
				PRODUCT_BUNDLE_IDENTIFIER = LuizHammerli.PresentationTests;
				PRODUCT_NAME = "$(TARGET_NAME)";
				SWIFT_EMIT_LOC_STRINGS = NO;
				SWIFT_VERSION = 5.0;
			};
			name = Debug;
		};
		25364CEB27C918A60039496C /* Release */ = {
			isa = XCBuildConfiguration;
			buildSettings = {
				ALWAYS_EMBED_SWIFT_STANDARD_LIBRARIES = YES;
				CODE_SIGN_STYLE = Automatic;
				CURRENT_PROJECT_VERSION = 1;
				DEVELOPMENT_TEAM = M2DD4Z95YZ;
				GENERATE_INFOPLIST_FILE = YES;
				MARKETING_VERSION = 1.0;
				PRODUCT_BUNDLE_IDENTIFIER = LuizHammerli.PresentationTests;
				PRODUCT_NAME = "$(TARGET_NAME)";
				SWIFT_EMIT_LOC_STRINGS = NO;
				SWIFT_VERSION = 5.0;
			};
			name = Release;
		};
		25FD09D527C97C010084F3FC /* Debug */ = {
			isa = XCBuildConfiguration;
			buildSettings = {
				CLANG_ENABLE_MODULES = YES;
				CODE_SIGN_STYLE = Automatic;
				CURRENT_PROJECT_VERSION = 1;
				DEFINES_MODULE = YES;
				DEVELOPMENT_TEAM = M2DD4Z95YZ;
				DYLIB_COMPATIBILITY_VERSION = 1;
				DYLIB_CURRENT_VERSION = 1;
				DYLIB_INSTALL_NAME_BASE = "@rpath";
				GENERATE_INFOPLIST_FILE = YES;
				INFOPLIST_KEY_NSHumanReadableCopyright = "";
				INSTALL_PATH = "$(LOCAL_LIBRARY_DIR)/Frameworks";
				IPHONEOS_DEPLOYMENT_TARGET = 15.2;
				LD_RUNPATH_SEARCH_PATHS = (
					"$(inherited)",
					"@executable_path/Frameworks",
					"@loader_path/Frameworks",
				);
				MARKETING_VERSION = 1.0;
				PRODUCT_BUNDLE_IDENTIFIER = LuizHammerli.UI;
				PRODUCT_NAME = "$(TARGET_NAME:c99extidentifier)";
				SDKROOT = iphoneos;
				SKIP_INSTALL = YES;
				SUPPORTS_MACCATALYST = NO;
				SWIFT_EMIT_LOC_STRINGS = YES;
				SWIFT_OPTIMIZATION_LEVEL = "-Onone";
				SWIFT_VERSION = 5.0;
				TARGETED_DEVICE_FAMILY = 1;
			};
			name = Debug;
		};
		25FD09D627C97C010084F3FC /* Release */ = {
			isa = XCBuildConfiguration;
			buildSettings = {
				CLANG_ENABLE_MODULES = YES;
				CODE_SIGN_STYLE = Automatic;
				CURRENT_PROJECT_VERSION = 1;
				DEFINES_MODULE = YES;
				DEVELOPMENT_TEAM = M2DD4Z95YZ;
				DYLIB_COMPATIBILITY_VERSION = 1;
				DYLIB_CURRENT_VERSION = 1;
				DYLIB_INSTALL_NAME_BASE = "@rpath";
				GENERATE_INFOPLIST_FILE = YES;
				INFOPLIST_KEY_NSHumanReadableCopyright = "";
				INSTALL_PATH = "$(LOCAL_LIBRARY_DIR)/Frameworks";
				IPHONEOS_DEPLOYMENT_TARGET = 15.2;
				LD_RUNPATH_SEARCH_PATHS = (
					"$(inherited)",
					"@executable_path/Frameworks",
					"@loader_path/Frameworks",
				);
				MARKETING_VERSION = 1.0;
				PRODUCT_BUNDLE_IDENTIFIER = LuizHammerli.UI;
				PRODUCT_NAME = "$(TARGET_NAME:c99extidentifier)";
				SDKROOT = iphoneos;
				SKIP_INSTALL = YES;
				SUPPORTS_MACCATALYST = NO;
				SWIFT_EMIT_LOC_STRINGS = YES;
				SWIFT_VERSION = 5.0;
				TARGETED_DEVICE_FAMILY = 1;
				VALIDATE_PRODUCT = YES;
			};
			name = Release;
		};
		25FD09D827C97C010084F3FC /* Debug */ = {
			isa = XCBuildConfiguration;
			buildSettings = {
				ALWAYS_EMBED_SWIFT_STANDARD_LIBRARIES = YES;
				CODE_SIGN_STYLE = Automatic;
				CURRENT_PROJECT_VERSION = 1;
				DEVELOPMENT_TEAM = M2DD4Z95YZ;
				GENERATE_INFOPLIST_FILE = YES;
				IPHONEOS_DEPLOYMENT_TARGET = 15.2;
				MARKETING_VERSION = 1.0;
				PRODUCT_BUNDLE_IDENTIFIER = LuizHammerli.UITests;
				PRODUCT_NAME = "$(TARGET_NAME)";
				SDKROOT = iphoneos;
				SWIFT_EMIT_LOC_STRINGS = NO;
				SWIFT_VERSION = 5.0;
				TARGETED_DEVICE_FAMILY = "1,2";
			};
			name = Debug;
		};
		25FD09D927C97C010084F3FC /* Release */ = {
			isa = XCBuildConfiguration;
			buildSettings = {
				ALWAYS_EMBED_SWIFT_STANDARD_LIBRARIES = YES;
				CODE_SIGN_STYLE = Automatic;
				CURRENT_PROJECT_VERSION = 1;
				DEVELOPMENT_TEAM = M2DD4Z95YZ;
				GENERATE_INFOPLIST_FILE = YES;
				IPHONEOS_DEPLOYMENT_TARGET = 15.2;
				MARKETING_VERSION = 1.0;
				PRODUCT_BUNDLE_IDENTIFIER = LuizHammerli.UITests;
				PRODUCT_NAME = "$(TARGET_NAME)";
				SDKROOT = iphoneos;
				SWIFT_EMIT_LOC_STRINGS = NO;
				SWIFT_VERSION = 5.0;
				TARGETED_DEVICE_FAMILY = "1,2";
				VALIDATE_PRODUCT = YES;
			};
			name = Release;
		};
		3804F5C627C86532009A6CE6 /* Debug */ = {
			isa = XCBuildConfiguration;
			buildSettings = {
				CODE_SIGN_STYLE = Automatic;
				CURRENT_PROJECT_VERSION = 1;
				DEVELOPMENT_TEAM = M2DD4Z95YZ;
				GENERATE_INFOPLIST_FILE = YES;
				MARKETING_VERSION = 1.0;
				PRODUCT_BUNDLE_IDENTIFIER = luiz.hammerli.MoviesCleanAppEndToEndTests;
				PRODUCT_NAME = "$(TARGET_NAME)";
				SWIFT_EMIT_LOC_STRINGS = NO;
				SWIFT_VERSION = 5.0;
			};
			name = Debug;
		};
		3804F5C727C86532009A6CE6 /* Release */ = {
			isa = XCBuildConfiguration;
			buildSettings = {
				CODE_SIGN_STYLE = Automatic;
				CURRENT_PROJECT_VERSION = 1;
				DEVELOPMENT_TEAM = M2DD4Z95YZ;
				GENERATE_INFOPLIST_FILE = YES;
				MARKETING_VERSION = 1.0;
				PRODUCT_BUNDLE_IDENTIFIER = luiz.hammerli.MoviesCleanAppEndToEndTests;
				PRODUCT_NAME = "$(TARGET_NAME)";
				SWIFT_EMIT_LOC_STRINGS = NO;
				SWIFT_VERSION = 5.0;
			};
			name = Release;
		};
		388D761A27CA1DA600EB713F /* Debug */ = {
			isa = XCBuildConfiguration;
			buildSettings = {
				ASSETCATALOG_COMPILER_APPICON_NAME = AppIcon;
				ASSETCATALOG_COMPILER_GLOBAL_ACCENT_COLOR_NAME = AccentColor;
				CODE_SIGN_STYLE = Automatic;
				CURRENT_PROJECT_VERSION = 1;
				DEVELOPMENT_TEAM = M2DD4Z95YZ;
				GENERATE_INFOPLIST_FILE = YES;
				INFOPLIST_FILE = Main/Info.plist;
				INFOPLIST_KEY_UIApplicationSupportsIndirectInputEvents = YES;
				INFOPLIST_KEY_UILaunchStoryboardName = LaunchScreen;
				INFOPLIST_KEY_UIMainStoryboardFile = Main;
				INFOPLIST_KEY_UISupportedInterfaceOrientations_iPad = "UIInterfaceOrientationPortrait UIInterfaceOrientationPortraitUpsideDown UIInterfaceOrientationLandscapeLeft UIInterfaceOrientationLandscapeRight";
				INFOPLIST_KEY_UISupportedInterfaceOrientations_iPhone = "UIInterfaceOrientationPortrait UIInterfaceOrientationLandscapeLeft UIInterfaceOrientationLandscapeRight";
				IPHONEOS_DEPLOYMENT_TARGET = 15.2;
				LD_RUNPATH_SEARCH_PATHS = (
					"$(inherited)",
					"@executable_path/Frameworks",
				);
				MARKETING_VERSION = 1.0;
				PRODUCT_BUNDLE_IDENTIFIER = luiz.hammerli.Main;
				PRODUCT_NAME = "$(TARGET_NAME)";
				SDKROOT = iphoneos;
				SWIFT_EMIT_LOC_STRINGS = YES;
				SWIFT_VERSION = 5.0;
				TARGETED_DEVICE_FAMILY = "1,2";
			};
			name = Debug;
		};
		388D761B27CA1DA600EB713F /* Release */ = {
			isa = XCBuildConfiguration;
			buildSettings = {
				ASSETCATALOG_COMPILER_APPICON_NAME = AppIcon;
				ASSETCATALOG_COMPILER_GLOBAL_ACCENT_COLOR_NAME = AccentColor;
				CODE_SIGN_STYLE = Automatic;
				CURRENT_PROJECT_VERSION = 1;
				DEVELOPMENT_TEAM = M2DD4Z95YZ;
				GENERATE_INFOPLIST_FILE = YES;
				INFOPLIST_FILE = Main/Info.plist;
				INFOPLIST_KEY_UIApplicationSupportsIndirectInputEvents = YES;
				INFOPLIST_KEY_UILaunchStoryboardName = LaunchScreen;
				INFOPLIST_KEY_UIMainStoryboardFile = Main;
				INFOPLIST_KEY_UISupportedInterfaceOrientations_iPad = "UIInterfaceOrientationPortrait UIInterfaceOrientationPortraitUpsideDown UIInterfaceOrientationLandscapeLeft UIInterfaceOrientationLandscapeRight";
				INFOPLIST_KEY_UISupportedInterfaceOrientations_iPhone = "UIInterfaceOrientationPortrait UIInterfaceOrientationLandscapeLeft UIInterfaceOrientationLandscapeRight";
				IPHONEOS_DEPLOYMENT_TARGET = 15.2;
				LD_RUNPATH_SEARCH_PATHS = (
					"$(inherited)",
					"@executable_path/Frameworks",
				);
				MARKETING_VERSION = 1.0;
				PRODUCT_BUNDLE_IDENTIFIER = luiz.hammerli.Main;
				PRODUCT_NAME = "$(TARGET_NAME)";
				SDKROOT = iphoneos;
				SWIFT_EMIT_LOC_STRINGS = YES;
				SWIFT_VERSION = 5.0;
				TARGETED_DEVICE_FAMILY = "1,2";
				VALIDATE_PRODUCT = YES;
			};
			name = Release;
		};
		388D761D27CA1DA600EB713F /* Debug */ = {
			isa = XCBuildConfiguration;
			buildSettings = {
				ALWAYS_EMBED_SWIFT_STANDARD_LIBRARIES = YES;
				BUNDLE_LOADER = "$(TEST_HOST)";
				CODE_SIGN_STYLE = Automatic;
				CURRENT_PROJECT_VERSION = 1;
				DEVELOPMENT_TEAM = M2DD4Z95YZ;
				GENERATE_INFOPLIST_FILE = YES;
				IPHONEOS_DEPLOYMENT_TARGET = 15.2;
				MARKETING_VERSION = 1.0;
				PRODUCT_BUNDLE_IDENTIFIER = luiz.hammerli.MainTests;
				PRODUCT_NAME = "$(TARGET_NAME)";
				SDKROOT = iphoneos;
				SWIFT_EMIT_LOC_STRINGS = NO;
				SWIFT_VERSION = 5.0;
				TARGETED_DEVICE_FAMILY = "1,2";
				TEST_HOST = "$(BUILT_PRODUCTS_DIR)/Main.app/Main";
			};
			name = Debug;
		};
		388D761E27CA1DA600EB713F /* Release */ = {
			isa = XCBuildConfiguration;
			buildSettings = {
				ALWAYS_EMBED_SWIFT_STANDARD_LIBRARIES = YES;
				BUNDLE_LOADER = "$(TEST_HOST)";
				CODE_SIGN_STYLE = Automatic;
				CURRENT_PROJECT_VERSION = 1;
				DEVELOPMENT_TEAM = M2DD4Z95YZ;
				GENERATE_INFOPLIST_FILE = YES;
				IPHONEOS_DEPLOYMENT_TARGET = 15.2;
				MARKETING_VERSION = 1.0;
				PRODUCT_BUNDLE_IDENTIFIER = luiz.hammerli.MainTests;
				PRODUCT_NAME = "$(TARGET_NAME)";
				SDKROOT = iphoneos;
				SWIFT_EMIT_LOC_STRINGS = NO;
				SWIFT_VERSION = 5.0;
				TARGETED_DEVICE_FAMILY = "1,2";
				TEST_HOST = "$(BUILT_PRODUCTS_DIR)/Main.app/Main";
				VALIDATE_PRODUCT = YES;
			};
			name = Release;
		};
/* End XCBuildConfiguration section */

/* Begin XCConfigurationList section */
		25364C5627C7AC6C0039496C /* Build configuration list for PBXProject "MoviesCleanApp" */ = {
			isa = XCConfigurationList;
			buildConfigurations = (
				25364C6127C7AC6D0039496C /* Debug */,
				25364C6227C7AC6D0039496C /* Release */,
			);
			defaultConfigurationIsVisible = 0;
			defaultConfigurationName = Release;
		};
		25364C6327C7AC6D0039496C /* Build configuration list for PBXNativeTarget "Domain" */ = {
			isa = XCConfigurationList;
			buildConfigurations = (
				25364C6427C7AC6D0039496C /* Debug */,
				25364C6527C7AC6D0039496C /* Release */,
			);
			defaultConfigurationIsVisible = 0;
			defaultConfigurationName = Release;
		};
		25364C8327C7AF200039496C /* Build configuration list for PBXNativeTarget "Data" */ = {
			isa = XCConfigurationList;
			buildConfigurations = (
				25364C8427C7AF200039496C /* Debug */,
				25364C8527C7AF200039496C /* Release */,
			);
			defaultConfigurationIsVisible = 0;
			defaultConfigurationName = Release;
		};
		25364C8627C7AF200039496C /* Build configuration list for PBXNativeTarget "DataTests" */ = {
			isa = XCConfigurationList;
			buildConfigurations = (
				25364C8727C7AF200039496C /* Debug */,
				25364C8827C7AF200039496C /* Release */,
			);
			defaultConfigurationIsVisible = 0;
			defaultConfigurationName = Release;
		};
		25364CBA27C7EF070039496C /* Build configuration list for PBXNativeTarget "Infra" */ = {
			isa = XCConfigurationList;
			buildConfigurations = (
				25364CBB27C7EF070039496C /* Debug */,
				25364CBC27C7EF070039496C /* Release */,
			);
			defaultConfigurationIsVisible = 0;
			defaultConfigurationName = Release;
		};
		25364CBD27C7EF070039496C /* Build configuration list for PBXNativeTarget "InfraTests" */ = {
			isa = XCConfigurationList;
			buildConfigurations = (
				25364CBE27C7EF070039496C /* Debug */,
				25364CBF27C7EF070039496C /* Release */,
			);
			defaultConfigurationIsVisible = 0;
			defaultConfigurationName = Release;
		};
		25364CEC27C918A60039496C /* Build configuration list for PBXNativeTarget "Presentation" */ = {
			isa = XCConfigurationList;
			buildConfigurations = (
				25364CE827C918A60039496C /* Debug */,
				25364CE927C918A60039496C /* Release */,
			);
			defaultConfigurationIsVisible = 0;
			defaultConfigurationName = Release;
		};
		25364CED27C918A60039496C /* Build configuration list for PBXNativeTarget "PresentationTests" */ = {
			isa = XCConfigurationList;
			buildConfigurations = (
				25364CEA27C918A60039496C /* Debug */,
				25364CEB27C918A60039496C /* Release */,
			);
			defaultConfigurationIsVisible = 0;
			defaultConfigurationName = Release;
		};
		25FD09D427C97C010084F3FC /* Build configuration list for PBXNativeTarget "UI" */ = {
			isa = XCConfigurationList;
			buildConfigurations = (
				25FD09D527C97C010084F3FC /* Debug */,
				25FD09D627C97C010084F3FC /* Release */,
			);
			defaultConfigurationIsVisible = 0;
			defaultConfigurationName = Release;
		};
		25FD09D727C97C010084F3FC /* Build configuration list for PBXNativeTarget "UITests" */ = {
			isa = XCConfigurationList;
			buildConfigurations = (
				25FD09D827C97C010084F3FC /* Debug */,
				25FD09D927C97C010084F3FC /* Release */,
			);
			defaultConfigurationIsVisible = 0;
			defaultConfigurationName = Release;
		};
		3804F5C527C86532009A6CE6 /* Build configuration list for PBXNativeTarget "MoviesCleanAppEndToEndTests" */ = {
			isa = XCConfigurationList;
			buildConfigurations = (
				3804F5C627C86532009A6CE6 /* Debug */,
				3804F5C727C86532009A6CE6 /* Release */,
			);
			defaultConfigurationIsVisible = 0;
			defaultConfigurationName = Release;
		};
		388D761927CA1DA600EB713F /* Build configuration list for PBXNativeTarget "Main" */ = {
			isa = XCConfigurationList;
			buildConfigurations = (
				388D761A27CA1DA600EB713F /* Debug */,
				388D761B27CA1DA600EB713F /* Release */,
			);
			defaultConfigurationIsVisible = 0;
			defaultConfigurationName = Release;
		};
		388D761C27CA1DA600EB713F /* Build configuration list for PBXNativeTarget "MainTests" */ = {
			isa = XCConfigurationList;
			buildConfigurations = (
				388D761D27CA1DA600EB713F /* Debug */,
				388D761E27CA1DA600EB713F /* Release */,
			);
			defaultConfigurationIsVisible = 0;
			defaultConfigurationName = Release;
		};
/* End XCConfigurationList section */
	};
	rootObject = 25364C5327C7AC6C0039496C /* Project object */;
}
